// !$*UTF8*$!
{
	archiveVersion = 1;
	classes = {
	};
	objectVersion = 46;
	objects = {

/* Begin PBXAggregateTarget section */
		4539561B1E1EA2EE00B66350 /* CI Build All */ = {
			isa = PBXAggregateTarget;
			buildConfigurationList = 4539561C1E1EA2EE00B66350 /* Build configuration list for PBXAggregateTarget "CI Build All" */;
			buildPhases = (
				4539561F1E1EA2F600B66350 /* ShellScript */,
			);
			dependencies = (
			);
			name = "CI Build All";
			productName = "CI Build All";
		};
/* End PBXAggregateTarget section */

/* Begin PBXFileReference section */
		450886AA1E1D426000E0379E /* Integrate.swift */ = {isa = PBXFileReference; lastKnownFileType = sourcecode.swift; path = Integrate.swift; sourceTree = "<group>"; };
		456B9E681E1BD32E0036CD60 /* Cocoapod.sh */ = {isa = PBXFileReference; lastKnownFileType = text.script.sh; path = Cocoapod.sh; sourceTree = "<group>"; };
		45CB048A1DEDDD2C0086BEA0 /* info.plist */ = {isa = PBXFileReference; fileEncoding = 4; lastKnownFileType = text.plist.xml; path = info.plist; sourceTree = "<group>"; };
/* End PBXFileReference section */

/* Begin PBXGroup section */
		45CB047E1DEDD1600086BEA0 = {
			isa = PBXGroup;
			children = (
				450886AA1E1D426000E0379E /* Integrate.swift */,
				456B9E681E1BD32E0036CD60 /* Cocoapod.sh */,
				45CB048A1DEDDD2C0086BEA0 /* info.plist */,
			);
			sourceTree = "<group>";
		};
/* End PBXGroup section */

/* Begin PBXProject section */
		45CB047F1DEDD1600086BEA0 /* Project object */ = {
			isa = PBXProject;
			attributes = {
				LastUpgradeCheck = 0820;
				TargetAttributes = {
					4539561B1E1EA2EE00B66350 = {
						CreatedOnToolsVersion = 8.2.1;
						DevelopmentTeam = 3L8QU4R2JJ;
						ProvisioningStyle = Automatic;
					};
				};
			};
			buildConfigurationList = 45CB04821DEDD1600086BEA0 /* Build configuration list for PBXProject "CI" */;
			compatibilityVersion = "Xcode 3.2";
			developmentRegion = English;
			hasScannedForEncodings = 0;
			knownRegions = (
				en,
			);
			mainGroup = 45CB047E1DEDD1600086BEA0;
			projectDirPath = "";
			projectRoot = "";
			targets = (
				4539561B1E1EA2EE00B66350 /* CI Build All */,
			);
		};
/* End PBXProject section */

/* Begin PBXShellScriptBuildPhase section */
		4539561F1E1EA2F600B66350 /* ShellScript */ = {
			isa = PBXShellScriptBuildPhase;
			buildActionMask = 2147483647;
			files = (
			);
			inputPaths = (
			);
			outputPaths = (
			);
			runOnlyForDeploymentPostprocessing = 0;
			shellPath = /bin/sh;
			shellScript = "\nWORKSPACE_DIR=${SRCROOT}/../CartrawlerSDK.xcworkspace\nARTIFACTS_DIR=${SRCROOT}/../../../Artifacts_Latest\n\n/usr/bin/xcodebuild build -workspace \"${SRCROOT}/../CartrawlerSDK.xcworkspace\" -scheme BuildAPI\n/usr/bin/xcodebuild build -workspace \"${SRCROOT}/../CartrawlerSDK.xcworkspace\" -scheme BuildSDK\n/usr/bin/xcodebuild build -workspace \"${SRCROOT}/../CartrawlerSDK.xcworkspace\" -scheme BuildRental\n/usr/bin/xcodebuild build -workspace \"${SRCROOT}/../CartrawlerSDK.xcworkspace\" -scheme BuildInPath\n\nswift Integrate.swift CartrawlerAPI BuildAPI ${ARTIFACTS_DIR} ${WORKSPACE_DIR}\nswift Integrate.swift CartrawlerSDK BuildSDK ${ARTIFACTS_DIR} ${WORKSPACE_DIR}\nswift Integrate.swift CartrawlerRental BuildRental ${ARTIFACTS_DIR} ${WORKSPACE_DIR}\nswift Integrate.swift CartrawlerInPath BuildInPath ${ARTIFACTS_DIR} ${WORKSPACE_DIR}\n\n";
		};
/* End PBXShellScriptBuildPhase section */

/* Begin XCBuildConfiguration section */
		4539561D1E1EA2EE00B66350 /* Debug */ = {
			isa = XCBuildConfiguration;
			buildSettings = {
				DEVELOPMENT_TEAM = 3L8QU4R2JJ;
				PRODUCT_NAME = "$(TARGET_NAME)";
			};
			name = Debug;
		};
		4539561E1E1EA2EE00B66350 /* Release */ = {
			isa = XCBuildConfiguration;
			buildSettings = {
				DEVELOPMENT_TEAM = 3L8QU4R2JJ;
				PRODUCT_NAME = "$(TARGET_NAME)";
			};
			name = Release;
		};
		45CB04831DEDD1600086BEA0 /* Debug */ = {
			isa = XCBuildConfiguration;
			buildSettings = {
				CLANG_WARN_BOOL_CONVERSION = YES;
				CLANG_WARN_CONSTANT_CONVERSION = YES;
				CLANG_WARN_EMPTY_BODY = YES;
				CLANG_WARN_ENUM_CONVERSION = YES;
				CLANG_WARN_INFINITE_RECURSION = YES;
				CLANG_WARN_INT_CONVERSION = YES;
				CLANG_WARN_SUSPICIOUS_MOVE = YES;
				CLANG_WARN_UNREACHABLE_CODE = YES;
				CLANG_WARN__DUPLICATE_METHOD_MATCH = YES;
				ENABLE_STRICT_OBJC_MSGSEND = YES;
				ENABLE_TESTABILITY = YES;
				GCC_NO_COMMON_BLOCKS = YES;
				GCC_WARN_64_TO_32_BIT_CONVERSION = YES;
				GCC_WARN_ABOUT_RETURN_TYPE = YES;
				GCC_WARN_UNDECLARED_SELECTOR = YES;
				GCC_WARN_UNINITIALIZED_AUTOS = YES;
				GCC_WARN_UNUSED_FUNCTION = YES;
				GCC_WARN_UNUSED_VARIABLE = YES;
				ONLY_ACTIVE_ARCH = YES;
			};
			name = Debug;
		};
		45CB04841DEDD1600086BEA0 /* Release */ = {
			isa = XCBuildConfiguration;
			buildSettings = {
				CLANG_WARN_BOOL_CONVERSION = YES;
				CLANG_WARN_CONSTANT_CONVERSION = YES;
				CLANG_WARN_EMPTY_BODY = YES;
				CLANG_WARN_ENUM_CONVERSION = YES;
				CLANG_WARN_INFINITE_RECURSION = YES;
				CLANG_WARN_INT_CONVERSION = YES;
				CLANG_WARN_SUSPICIOUS_MOVE = YES;
				CLANG_WARN_UNREACHABLE_CODE = YES;
				CLANG_WARN__DUPLICATE_METHOD_MATCH = YES;
				ENABLE_STRICT_OBJC_MSGSEND = YES;
				GCC_NO_COMMON_BLOCKS = YES;
				GCC_WARN_64_TO_32_BIT_CONVERSION = YES;
				GCC_WARN_ABOUT_RETURN_TYPE = YES;
				GCC_WARN_UNDECLARED_SELECTOR = YES;
				GCC_WARN_UNINITIALIZED_AUTOS = YES;
				GCC_WARN_UNUSED_FUNCTION = YES;
				GCC_WARN_UNUSED_VARIABLE = YES;
			};
			name = Release;
		};
/* End XCBuildConfiguration section */

/* Begin XCConfigurationList section */
		4539561C1E1EA2EE00B66350 /* Build configuration list for PBXAggregateTarget "CI Build All" */ = {
			isa = XCConfigurationList;
			buildConfigurations = (
				4539561D1E1EA2EE00B66350 /* Debug */,
				4539561E1E1EA2EE00B66350 /* Release */,
			);
			defaultConfigurationIsVisible = 0;
			defaultConfigurationName = Release;
		};
		45CB04821DEDD1600086BEA0 /* Build configuration list for PBXProject "CI" */ = {
			isa = XCConfigurationList;
			buildConfigurations = (
				45CB04831DEDD1600086BEA0 /* Debug */,
				45CB04841DEDD1600086BEA0 /* Release */,
			);
			defaultConfigurationIsVisible = 0;
			defaultConfigurationName = Release;
		};
/* End XCConfigurationList section */
	};
	rootObject = 45CB047F1DEDD1600086BEA0 /* Project object */;
}
