// !$*UTF8*$!
{
	archiveVersion = 1;
	classes = {
	};
	objectVersion = 46;
	objects = {

/* Begin PBXAggregateTarget section */
		45A47DFC1E0C01BD00500D71 /* CartrawlerAPI_CI */ = {
			isa = PBXAggregateTarget;
			buildConfigurationList = 45A47DFF1E0C01BD00500D71 /* Build configuration list for PBXAggregateTarget "CartrawlerAPI_CI" */;
			buildPhases = (
				45A47E001E0C01C100500D71 /* ShellScript */,
			);
			dependencies = (
			);
			name = CartrawlerAPI_CI;
			productName = CartrawlerAPI_CI;
		};
		45CB04851DEDD1740086BEA0 /* BuildAll */ = {
			isa = PBXAggregateTarget;
			buildConfigurationList = 45CB04861DEDD1740086BEA0 /* Build configuration list for PBXAggregateTarget "BuildAll" */;
			buildPhases = (
				45CB04891DEDD17C0086BEA0 /* ShellScript */,
			);
			dependencies = (
			);
			name = BuildAll;
			productName = BuildAll;
		};
/* End PBXAggregateTarget section */

/* Begin PBXFileReference section */
		456B9E491E1BB1B90036CD60 /* BuildAll.sh */ = {isa = PBXFileReference; lastKnownFileType = text.script.sh; path = BuildAll.sh; sourceTree = "<group>"; };
		456B9E681E1BD32E0036CD60 /* CI_CartrawlerAPI.sh */ = {isa = PBXFileReference; lastKnownFileType = text.script.sh; path = CI_CartrawlerAPI.sh; sourceTree = "<group>"; };
		45CB048A1DEDDD2C0086BEA0 /* info.plist */ = {isa = PBXFileReference; fileEncoding = 4; lastKnownFileType = text.plist.xml; path = info.plist; sourceTree = "<group>"; };
/* End PBXFileReference section */

/* Begin PBXGroup section */
		45CB047E1DEDD1600086BEA0 = {
			isa = PBXGroup;
			children = (
				456B9E681E1BD32E0036CD60 /* CI_CartrawlerAPI.sh */,
				456B9E491E1BB1B90036CD60 /* BuildAll.sh */,
				45CB048A1DEDDD2C0086BEA0 /* info.plist */,
			);
			sourceTree = "<group>";
		};
/* End PBXGroup section */

/* Begin PBXProject section */
		45CB047F1DEDD1600086BEA0 /* Project object */ = {
			isa = PBXProject;
			attributes = {
				LastUpgradeCheck = 0810;
				TargetAttributes = {
					45A47DFC1E0C01BD00500D71 = {
						CreatedOnToolsVersion = 8.1;
						DevelopmentTeam = 3L8QU4R2JJ;
						ProvisioningStyle = Automatic;
					};
					45CB04851DEDD1740086BEA0 = {
						CreatedOnToolsVersion = 8.1;
						DevelopmentTeam = 3L8QU4R2JJ;
						ProvisioningStyle = Automatic;
					};
				};
			};
			buildConfigurationList = 45CB04821DEDD1600086BEA0 /* Build configuration list for PBXProject "CI" */;
			compatibilityVersion = "Xcode 3.2";
			developmentRegion = English;
			hasScannedForEncodings = 0;
			knownRegions = (
				en,
			);
			mainGroup = 45CB047E1DEDD1600086BEA0;
			projectDirPath = "";
			projectRoot = "";
			targets = (
				45CB04851DEDD1740086BEA0 /* BuildAll */,
				45A47DFC1E0C01BD00500D71 /* CartrawlerAPI_CI */,
			);
		};
/* End PBXProject section */

/* Begin PBXShellScriptBuildPhase section */
		45A47E001E0C01C100500D71 /* ShellScript */ = {
			isa = PBXShellScriptBuildPhase;
			buildActionMask = 2147483647;
			files = (
			);
			inputPaths = (
			);
			outputPaths = (
			);
			runOnlyForDeploymentPostprocessing = 0;
			shellPath = /bin/sh;
			shellScript = ./CI_CartrawlerAPI.sh;
		};
		45CB04891DEDD17C0086BEA0 /* ShellScript */ = {
			isa = PBXShellScriptBuildPhase;
			buildActionMask = 2147483647;
			files = (
			);
			inputPaths = (
			);
			outputPaths = (
			);
			runOnlyForDeploymentPostprocessing = 0;
			shellPath = /bin/sh;
			shellScript = ./BuildAll.sh;
		};
/* End PBXShellScriptBuildPhase section */

/* Begin XCBuildConfiguration section */
		45A47DFD1E0C01BD00500D71 /* Debug */ = {
			isa = XCBuildConfiguration;
			buildSettings = {
				DEVELOPMENT_TEAM = 3L8QU4R2JJ;
				PRODUCT_NAME = "$(TARGET_NAME)";
			};
			name = Debug;
		};
		45A47DFE1E0C01BD00500D71 /* Release */ = {
			isa = XCBuildConfiguration;
			buildSettings = {
				DEVELOPMENT_TEAM = 3L8QU4R2JJ;
				PRODUCT_NAME = "$(TARGET_NAME)";
			};
			name = Release;
		};
		45CB04831DEDD1600086BEA0 /* Debug */ = {
			isa = XCBuildConfiguration;
			buildSettings = {
			};
			name = Debug;
		};
		45CB04841DEDD1600086BEA0 /* Release */ = {
			isa = XCBuildConfiguration;
			buildSettings = {
			};
			name = Release;
		};
		45CB04871DEDD1740086BEA0 /* Debug */ = {
			isa = XCBuildConfiguration;
			buildSettings = {
				DEVELOPMENT_TEAM = 3L8QU4R2JJ;
				PRODUCT_NAME = "$(TARGET_NAME)";
			};
			name = Debug;
		};
		45CB04881DEDD1740086BEA0 /* Release */ = {
			isa = XCBuildConfiguration;
			buildSettings = {
				DEVELOPMENT_TEAM = 3L8QU4R2JJ;
				PRODUCT_NAME = "$(TARGET_NAME)";
			};
			name = Release;
		};
/* End XCBuildConfiguration section */

/* Begin XCConfigurationList section */
		45A47DFF1E0C01BD00500D71 /* Build configuration list for PBXAggregateTarget "CartrawlerAPI_CI" */ = {
			isa = XCConfigurationList;
			buildConfigurations = (
				45A47DFD1E0C01BD00500D71 /* Debug */,
				45A47DFE1E0C01BD00500D71 /* Release */,
			);
			defaultConfigurationIsVisible = 0;
			defaultConfigurationName = Release;
		};
		45CB04821DEDD1600086BEA0 /* Build configuration list for PBXProject "CI" */ = {
			isa = XCConfigurationList;
			buildConfigurations = (
				45CB04831DEDD1600086BEA0 /* Debug */,
				45CB04841DEDD1600086BEA0 /* Release */,
			);
			defaultConfigurationIsVisible = 0;
			defaultConfigurationName = Release;
		};
		45CB04861DEDD1740086BEA0 /* Build configuration list for PBXAggregateTarget "BuildAll" */ = {
			isa = XCConfigurationList;
			buildConfigurations = (
				45CB04871DEDD1740086BEA0 /* Debug */,
				45CB04881DEDD1740086BEA0 /* Release */,
			);
			defaultConfigurationIsVisible = 0;
			defaultConfigurationName = Release;
		};
/* End XCConfigurationList section */
	};
	rootObject = 45CB047F1DEDD1600086BEA0 /* Project object */;
}
