// !$*UTF8*$!
{
	archiveVersion = 1;
	classes = {
	};
	objectVersion = 46;
	objects = {

/* Begin PBXBuildFile section */
		451E72DC1E03FA2100D58F71 /* CartrawlerGroundTransport.framework in Frameworks */ = {isa = PBXBuildFile; fileRef = 451E72D21E03FA2100D58F71 /* CartrawlerGroundTransport.framework */; };
		451E72E11E03FA2100D58F71 /* CartrawlerGroundTransportTests.m in Sources */ = {isa = PBXBuildFile; fileRef = 451E72E01E03FA2100D58F71 /* CartrawlerGroundTransportTests.m */; };
		451E72E31E03FA2100D58F71 /* CartrawlerGroundTransport.h in Headers */ = {isa = PBXBuildFile; fileRef = 451E72D51E03FA2100D58F71 /* CartrawlerGroundTransport.h */; settings = {ATTRIBUTES = (Public, ); }; };
		451E733B1E03FE2800D58F71 /* GTInterstitialViewController.h in Headers */ = {isa = PBXBuildFile; fileRef = 451E73391E03FE2800D58F71 /* GTInterstitialViewController.h */; };
		451E733C1E03FE2800D58F71 /* GTInterstitialViewController.m in Sources */ = {isa = PBXBuildFile; fileRef = 451E733A1E03FE2800D58F71 /* GTInterstitialViewController.m */; };
		451E73411E03FE3A00D58F71 /* GTPaymentCompletionViewController.h in Headers */ = {isa = PBXBuildFile; fileRef = 451E733D1E03FE3A00D58F71 /* GTPaymentCompletionViewController.h */; };
		451E73421E03FE3A00D58F71 /* GTPaymentCompletionViewController.m in Sources */ = {isa = PBXBuildFile; fileRef = 451E733E1E03FE3A00D58F71 /* GTPaymentCompletionViewController.m */; };
		451E73431E03FE3A00D58F71 /* GTPaymentViewController.h in Headers */ = {isa = PBXBuildFile; fileRef = 451E733F1E03FE3A00D58F71 /* GTPaymentViewController.h */; };
		451E73441E03FE3A00D58F71 /* GTPaymentViewController.m in Sources */ = {isa = PBXBuildFile; fileRef = 451E73401E03FE3A00D58F71 /* GTPaymentViewController.m */; };
		451E73471E03FE4F00D58F71 /* GooglePlaceService.h in Headers */ = {isa = PBXBuildFile; fileRef = 451E73451E03FE4F00D58F71 /* GooglePlaceService.h */; };
		451E73481E03FE4F00D58F71 /* GooglePlaceService.m in Sources */ = {isa = PBXBuildFile; fileRef = 451E73461E03FE4F00D58F71 /* GooglePlaceService.m */; };
		451E734B1E03FE6000D58F71 /* GTPassengerViewController.h in Headers */ = {isa = PBXBuildFile; fileRef = 451E73491E03FE6000D58F71 /* GTPassengerViewController.h */; };
		451E734C1E03FE6000D58F71 /* GTPassengerViewController.m in Sources */ = {isa = PBXBuildFile; fileRef = 451E734A1E03FE6000D58F71 /* GTPassengerViewController.m */; };
		451E73531E03FE7300D58F71 /* FilterCollectionViewDataSource.h in Headers */ = {isa = PBXBuildFile; fileRef = 451E734D1E03FE7300D58F71 /* FilterCollectionViewDataSource.h */; };
		451E73541E03FE7300D58F71 /* FilterCollectionViewDataSource.m in Sources */ = {isa = PBXBuildFile; fileRef = 451E734E1E03FE7300D58F71 /* FilterCollectionViewDataSource.m */; };
		451E73551E03FE7300D58F71 /* GTFilterCollectionViewCell.h in Headers */ = {isa = PBXBuildFile; fileRef = 451E734F1E03FE7300D58F71 /* GTFilterCollectionViewCell.h */; };
		451E73561E03FE7300D58F71 /* GTFilterCollectionViewCell.m in Sources */ = {isa = PBXBuildFile; fileRef = 451E73501E03FE7300D58F71 /* GTFilterCollectionViewCell.m */; };
		451E73571E03FE7300D58F71 /* GTFilterCollectionViewFlowLayout.h in Headers */ = {isa = PBXBuildFile; fileRef = 451E73511E03FE7300D58F71 /* GTFilterCollectionViewFlowLayout.h */; };
		451E73581E03FE7300D58F71 /* GTFilterCollectionViewFlowLayout.m in Sources */ = {isa = PBXBuildFile; fileRef = 451E73521E03FE7300D58F71 /* GTFilterCollectionViewFlowLayout.m */; };
		451E73671E03FE8A00D58F71 /* GroundServicesViewController.h in Headers */ = {isa = PBXBuildFile; fileRef = 451E73591E03FE8A00D58F71 /* GroundServicesViewController.h */; };
		451E73681E03FE8A00D58F71 /* GroundServicesViewController.m in Sources */ = {isa = PBXBuildFile; fileRef = 451E735A1E03FE8A00D58F71 /* GroundServicesViewController.m */; };
		451E73691E03FE8B00D58F71 /* GTServiceTableViewCell.h in Headers */ = {isa = PBXBuildFile; fileRef = 451E735B1E03FE8A00D58F71 /* GTServiceTableViewCell.h */; };
		451E736A1E03FE8B00D58F71 /* GTServiceTableViewCell.m in Sources */ = {isa = PBXBuildFile; fileRef = 451E735C1E03FE8A00D58F71 /* GTServiceTableViewCell.m */; };
		451E736B1E03FE8B00D58F71 /* GTShuttleTableViewCell.h in Headers */ = {isa = PBXBuildFile; fileRef = 451E735D1E03FE8A00D58F71 /* GTShuttleTableViewCell.h */; };
		451E736C1E03FE8B00D58F71 /* GTShuttleTableViewCell.m in Sources */ = {isa = PBXBuildFile; fileRef = 451E735E1E03FE8A00D58F71 /* GTShuttleTableViewCell.m */; };
		451E736D1E03FE8B00D58F71 /* InclusionCollectionViewCell.h in Headers */ = {isa = PBXBuildFile; fileRef = 451E735F1E03FE8A00D58F71 /* InclusionCollectionViewCell.h */; };
		451E736E1E03FE8B00D58F71 /* InclusionCollectionViewCell.m in Sources */ = {isa = PBXBuildFile; fileRef = 451E73601E03FE8A00D58F71 /* InclusionCollectionViewCell.m */; };
		451E736F1E03FE8B00D58F71 /* InclusionCollectionViewDataSource.h in Headers */ = {isa = PBXBuildFile; fileRef = 451E73611E03FE8A00D58F71 /* InclusionCollectionViewDataSource.h */; };
		451E73701E03FE8B00D58F71 /* InclusionCollectionViewDataSource.m in Sources */ = {isa = PBXBuildFile; fileRef = 451E73621E03FE8A00D58F71 /* InclusionCollectionViewDataSource.m */; };
		451E73711E03FE8B00D58F71 /* InclusionFlowLayout.h in Headers */ = {isa = PBXBuildFile; fileRef = 451E73631E03FE8A00D58F71 /* InclusionFlowLayout.h */; };
		451E73721E03FE8B00D58F71 /* InclusionFlowLayout.m in Sources */ = {isa = PBXBuildFile; fileRef = 451E73641E03FE8A00D58F71 /* InclusionFlowLayout.m */; };
		451E73731E03FE8B00D58F71 /* InclusionsTableViewCell.h in Headers */ = {isa = PBXBuildFile; fileRef = 451E73651E03FE8A00D58F71 /* InclusionsTableViewCell.h */; };
		451E73741E03FE8B00D58F71 /* InclusionsTableViewCell.m in Sources */ = {isa = PBXBuildFile; fileRef = 451E73661E03FE8A00D58F71 /* InclusionsTableViewCell.m */; };
		451E73791E03FEA600D58F71 /* GroundTransportViewController.h in Headers */ = {isa = PBXBuildFile; fileRef = 451E73751E03FEA600D58F71 /* GroundTransportViewController.h */; };
		451E737A1E03FEA600D58F71 /* GroundTransportViewController.m in Sources */ = {isa = PBXBuildFile; fileRef = 451E73761E03FEA600D58F71 /* GroundTransportViewController.m */; };
		451E737B1E03FEA600D58F71 /* PassengerSelectionViewController.h in Headers */ = {isa = PBXBuildFile; fileRef = 451E73771E03FEA600D58F71 /* PassengerSelectionViewController.h */; };
		451E737C1E03FEA600D58F71 /* PassengerSelectionViewController.m in Sources */ = {isa = PBXBuildFile; fileRef = 451E73781E03FEA600D58F71 /* PassengerSelectionViewController.m */; };
		451E737F1E03FEE100D58F71 /* GroundTransport.storyboard in Resources */ = {isa = PBXBuildFile; fileRef = 451E737E1E03FEE100D58F71 /* GroundTransport.storyboard */; };
		451E73821E03FF3C00D58F71 /* CartrawlerSDK.framework in Frameworks */ = {isa = PBXBuildFile; fileRef = 451E73811E03FF3C00D58F71 /* CartrawlerSDK.framework */; };
		451E73B01E0404BD00D58F71 /* GroundTransportSearch.h in Headers */ = {isa = PBXBuildFile; fileRef = 451E73A11E0404BD00D58F71 /* GroundTransportSearch.h */; };
		451E73B11E0404BD00D58F71 /* GroundTransportSearch.m in Sources */ = {isa = PBXBuildFile; fileRef = 451E73A21E0404BD00D58F71 /* GroundTransportSearch.m */; };
		451E73B21E0404BD00D58F71 /* GTBooking.h in Headers */ = {isa = PBXBuildFile; fileRef = 451E73A31E0404BD00D58F71 /* GTBooking.h */; };
		451E73B31E0404BD00D58F71 /* GTBooking.m in Sources */ = {isa = PBXBuildFile; fileRef = 451E73A41E0404BD00D58F71 /* GTBooking.m */; };
		451E73B41E0404BD00D58F71 /* GTBookingsViewController.h in Headers */ = {isa = PBXBuildFile; fileRef = 451E73A51E0404BD00D58F71 /* GTBookingsViewController.h */; };
		451E73B51E0404BD00D58F71 /* GTBookingsViewController.m in Sources */ = {isa = PBXBuildFile; fileRef = 451E73A61E0404BD00D58F71 /* GTBookingsViewController.m */; };
		451E73B61E0404BD00D58F71 /* GTBookingTableViewCell.h in Headers */ = {isa = PBXBuildFile; fileRef = 451E73A71E0404BD00D58F71 /* GTBookingTableViewCell.h */; };
		451E73B71E0404BD00D58F71 /* GTBookingTableViewCell.m in Sources */ = {isa = PBXBuildFile; fileRef = 451E73A81E0404BD00D58F71 /* GTBookingTableViewCell.m */; };
		451E73B81E0404BD00D58F71 /* GTBooking.h in Headers */ = {isa = PBXBuildFile; fileRef = 451E73A91E0404BD00D58F71 /* GTBooking.h */; };
		451E73B91E0404BD00D58F71 /* GTBooking.m in Sources */ = {isa = PBXBuildFile; fileRef = 451E73AA1E0404BD00D58F71 /* GTBooking.m */; };
		451E73BA1E0404BD00D58F71 /* GTBookingsViewController.h in Headers */ = {isa = PBXBuildFile; fileRef = 451E73AB1E0404BD00D58F71 /* GTBookingsViewController.h */; };
		451E73BB1E0404BD00D58F71 /* GTBookingsViewController.m in Sources */ = {isa = PBXBuildFile; fileRef = 451E73AC1E0404BD00D58F71 /* GTBookingsViewController.m */; };
		451E73BC1E0404BD00D58F71 /* GTBookingTableViewCell.h in Headers */ = {isa = PBXBuildFile; fileRef = 451E73AD1E0404BD00D58F71 /* GTBookingTableViewCell.h */; };
		451E73BD1E0404BD00D58F71 /* GTBookingTableViewCell.m in Sources */ = {isa = PBXBuildFile; fileRef = 451E73AE1E0404BD00D58F71 /* GTBookingTableViewCell.m */; };
/* End PBXBuildFile section */

/* Begin PBXContainerItemProxy section */
		451E72DD1E03FA2100D58F71 /* PBXContainerItemProxy */ = {
			isa = PBXContainerItemProxy;
			containerPortal = 451E72C91E03FA2100D58F71 /* Project object */;
			proxyType = 1;
			remoteGlobalIDString = 451E72D11E03FA2100D58F71;
			remoteInfo = CartrawlerGroundTransport;
		};
/* End PBXContainerItemProxy section */

/* Begin PBXFileReference section */
		451E72D21E03FA2100D58F71 /* CartrawlerGroundTransport.framework */ = {isa = PBXFileReference; explicitFileType = wrapper.framework; includeInIndex = 0; path = CartrawlerGroundTransport.framework; sourceTree = BUILT_PRODUCTS_DIR; };
		451E72D51E03FA2100D58F71 /* CartrawlerGroundTransport.h */ = {isa = PBXFileReference; lastKnownFileType = sourcecode.c.h; path = CartrawlerGroundTransport.h; sourceTree = "<group>"; };
		451E72D61E03FA2100D58F71 /* Info.plist */ = {isa = PBXFileReference; lastKnownFileType = text.plist.xml; path = Info.plist; sourceTree = "<group>"; };
		451E72DB1E03FA2100D58F71 /* CartrawlerGroundTransportTests.xctest */ = {isa = PBXFileReference; explicitFileType = wrapper.cfbundle; includeInIndex = 0; path = CartrawlerGroundTransportTests.xctest; sourceTree = BUILT_PRODUCTS_DIR; };
		451E72E01E03FA2100D58F71 /* CartrawlerGroundTransportTests.m */ = {isa = PBXFileReference; lastKnownFileType = sourcecode.c.objc; path = CartrawlerGroundTransportTests.m; sourceTree = "<group>"; };
		451E72E21E03FA2100D58F71 /* Info.plist */ = {isa = PBXFileReference; lastKnownFileType = text.plist.xml; path = Info.plist; sourceTree = "<group>"; };
		451E73391E03FE2800D58F71 /* GTInterstitialViewController.h */ = {isa = PBXFileReference; fileEncoding = 4; lastKnownFileType = sourcecode.c.h; name = GTInterstitialViewController.h; path = CartrawlerGroundTransport/GTInterstitialViewController.h; sourceTree = SOURCE_ROOT; };
		451E733A1E03FE2800D58F71 /* GTInterstitialViewController.m */ = {isa = PBXFileReference; fileEncoding = 4; lastKnownFileType = sourcecode.c.objc; name = GTInterstitialViewController.m; path = CartrawlerGroundTransport/GTInterstitialViewController.m; sourceTree = SOURCE_ROOT; };
		451E733D1E03FE3A00D58F71 /* GTPaymentCompletionViewController.h */ = {isa = PBXFileReference; fileEncoding = 4; lastKnownFileType = sourcecode.c.h; name = GTPaymentCompletionViewController.h; path = CartrawlerGroundTransport/GTPaymentCompletionViewController.h; sourceTree = SOURCE_ROOT; };
		451E733E1E03FE3A00D58F71 /* GTPaymentCompletionViewController.m */ = {isa = PBXFileReference; fileEncoding = 4; lastKnownFileType = sourcecode.c.objc; name = GTPaymentCompletionViewController.m; path = CartrawlerGroundTransport/GTPaymentCompletionViewController.m; sourceTree = SOURCE_ROOT; };
		451E733F1E03FE3A00D58F71 /* GTPaymentViewController.h */ = {isa = PBXFileReference; fileEncoding = 4; lastKnownFileType = sourcecode.c.h; name = GTPaymentViewController.h; path = CartrawlerGroundTransport/GTPaymentViewController.h; sourceTree = SOURCE_ROOT; };
		451E73401E03FE3A00D58F71 /* GTPaymentViewController.m */ = {isa = PBXFileReference; fileEncoding = 4; lastKnownFileType = sourcecode.c.objc; name = GTPaymentViewController.m; path = CartrawlerGroundTransport/GTPaymentViewController.m; sourceTree = SOURCE_ROOT; };
		451E73451E03FE4F00D58F71 /* GooglePlaceService.h */ = {isa = PBXFileReference; fileEncoding = 4; lastKnownFileType = sourcecode.c.h; name = GooglePlaceService.h; path = CartrawlerGroundTransport/GooglePlaceService.h; sourceTree = SOURCE_ROOT; };
		451E73461E03FE4F00D58F71 /* GooglePlaceService.m */ = {isa = PBXFileReference; fileEncoding = 4; lastKnownFileType = sourcecode.c.objc; name = GooglePlaceService.m; path = CartrawlerGroundTransport/GooglePlaceService.m; sourceTree = SOURCE_ROOT; };
		451E73491E03FE6000D58F71 /* GTPassengerViewController.h */ = {isa = PBXFileReference; fileEncoding = 4; lastKnownFileType = sourcecode.c.h; name = GTPassengerViewController.h; path = CartrawlerGroundTransport/GTPassengerViewController.h; sourceTree = SOURCE_ROOT; };
		451E734A1E03FE6000D58F71 /* GTPassengerViewController.m */ = {isa = PBXFileReference; fileEncoding = 4; lastKnownFileType = sourcecode.c.objc; name = GTPassengerViewController.m; path = CartrawlerGroundTransport/GTPassengerViewController.m; sourceTree = SOURCE_ROOT; };
		451E734D1E03FE7300D58F71 /* FilterCollectionViewDataSource.h */ = {isa = PBXFileReference; fileEncoding = 4; lastKnownFileType = sourcecode.c.h; name = FilterCollectionViewDataSource.h; path = CartrawlerGroundTransport/FilterCollectionViewDataSource.h; sourceTree = SOURCE_ROOT; };
		451E734E1E03FE7300D58F71 /* FilterCollectionViewDataSource.m */ = {isa = PBXFileReference; fileEncoding = 4; lastKnownFileType = sourcecode.c.objc; name = FilterCollectionViewDataSource.m; path = CartrawlerGroundTransport/FilterCollectionViewDataSource.m; sourceTree = SOURCE_ROOT; };
		451E734F1E03FE7300D58F71 /* GTFilterCollectionViewCell.h */ = {isa = PBXFileReference; fileEncoding = 4; lastKnownFileType = sourcecode.c.h; name = GTFilterCollectionViewCell.h; path = CartrawlerGroundTransport/GTFilterCollectionViewCell.h; sourceTree = SOURCE_ROOT; };
		451E73501E03FE7300D58F71 /* GTFilterCollectionViewCell.m */ = {isa = PBXFileReference; fileEncoding = 4; lastKnownFileType = sourcecode.c.objc; name = GTFilterCollectionViewCell.m; path = CartrawlerGroundTransport/GTFilterCollectionViewCell.m; sourceTree = SOURCE_ROOT; };
		451E73511E03FE7300D58F71 /* GTFilterCollectionViewFlowLayout.h */ = {isa = PBXFileReference; fileEncoding = 4; lastKnownFileType = sourcecode.c.h; name = GTFilterCollectionViewFlowLayout.h; path = CartrawlerGroundTransport/GTFilterCollectionViewFlowLayout.h; sourceTree = SOURCE_ROOT; };
		451E73521E03FE7300D58F71 /* GTFilterCollectionViewFlowLayout.m */ = {isa = PBXFileReference; fileEncoding = 4; lastKnownFileType = sourcecode.c.objc; name = GTFilterCollectionViewFlowLayout.m; path = CartrawlerGroundTransport/GTFilterCollectionViewFlowLayout.m; sourceTree = SOURCE_ROOT; };
		451E73591E03FE8A00D58F71 /* GroundServicesViewController.h */ = {isa = PBXFileReference; fileEncoding = 4; lastKnownFileType = sourcecode.c.h; name = GroundServicesViewController.h; path = CartrawlerGroundTransport/GroundServicesViewController.h; sourceTree = SOURCE_ROOT; };
		451E735A1E03FE8A00D58F71 /* GroundServicesViewController.m */ = {isa = PBXFileReference; fileEncoding = 4; lastKnownFileType = sourcecode.c.objc; name = GroundServicesViewController.m; path = CartrawlerGroundTransport/GroundServicesViewController.m; sourceTree = SOURCE_ROOT; };
		451E735B1E03FE8A00D58F71 /* GTServiceTableViewCell.h */ = {isa = PBXFileReference; fileEncoding = 4; lastKnownFileType = sourcecode.c.h; name = GTServiceTableViewCell.h; path = CartrawlerGroundTransport/GTServiceTableViewCell.h; sourceTree = SOURCE_ROOT; };
		451E735C1E03FE8A00D58F71 /* GTServiceTableViewCell.m */ = {isa = PBXFileReference; fileEncoding = 4; lastKnownFileType = sourcecode.c.objc; name = GTServiceTableViewCell.m; path = CartrawlerGroundTransport/GTServiceTableViewCell.m; sourceTree = SOURCE_ROOT; };
		451E735D1E03FE8A00D58F71 /* GTShuttleTableViewCell.h */ = {isa = PBXFileReference; fileEncoding = 4; lastKnownFileType = sourcecode.c.h; name = GTShuttleTableViewCell.h; path = CartrawlerGroundTransport/GTShuttleTableViewCell.h; sourceTree = SOURCE_ROOT; };
		451E735E1E03FE8A00D58F71 /* GTShuttleTableViewCell.m */ = {isa = PBXFileReference; fileEncoding = 4; lastKnownFileType = sourcecode.c.objc; name = GTShuttleTableViewCell.m; path = CartrawlerGroundTransport/GTShuttleTableViewCell.m; sourceTree = SOURCE_ROOT; };
		451E735F1E03FE8A00D58F71 /* InclusionCollectionViewCell.h */ = {isa = PBXFileReference; fileEncoding = 4; lastKnownFileType = sourcecode.c.h; name = InclusionCollectionViewCell.h; path = CartrawlerGroundTransport/InclusionCollectionViewCell.h; sourceTree = SOURCE_ROOT; };
		451E73601E03FE8A00D58F71 /* InclusionCollectionViewCell.m */ = {isa = PBXFileReference; fileEncoding = 4; lastKnownFileType = sourcecode.c.objc; name = InclusionCollectionViewCell.m; path = CartrawlerGroundTransport/InclusionCollectionViewCell.m; sourceTree = SOURCE_ROOT; };
		451E73611E03FE8A00D58F71 /* InclusionCollectionViewDataSource.h */ = {isa = PBXFileReference; fileEncoding = 4; lastKnownFileType = sourcecode.c.h; name = InclusionCollectionViewDataSource.h; path = CartrawlerGroundTransport/InclusionCollectionViewDataSource.h; sourceTree = SOURCE_ROOT; };
		451E73621E03FE8A00D58F71 /* InclusionCollectionViewDataSource.m */ = {isa = PBXFileReference; fileEncoding = 4; lastKnownFileType = sourcecode.c.objc; name = InclusionCollectionViewDataSource.m; path = CartrawlerGroundTransport/InclusionCollectionViewDataSource.m; sourceTree = SOURCE_ROOT; };
		451E73631E03FE8A00D58F71 /* InclusionFlowLayout.h */ = {isa = PBXFileReference; fileEncoding = 4; lastKnownFileType = sourcecode.c.h; name = InclusionFlowLayout.h; path = CartrawlerGroundTransport/InclusionFlowLayout.h; sourceTree = SOURCE_ROOT; };
		451E73641E03FE8A00D58F71 /* InclusionFlowLayout.m */ = {isa = PBXFileReference; fileEncoding = 4; lastKnownFileType = sourcecode.c.objc; name = InclusionFlowLayout.m; path = CartrawlerGroundTransport/InclusionFlowLayout.m; sourceTree = SOURCE_ROOT; };
		451E73651E03FE8A00D58F71 /* InclusionsTableViewCell.h */ = {isa = PBXFileReference; fileEncoding = 4; lastKnownFileType = sourcecode.c.h; name = InclusionsTableViewCell.h; path = CartrawlerGroundTransport/InclusionsTableViewCell.h; sourceTree = SOURCE_ROOT; };
		451E73661E03FE8A00D58F71 /* InclusionsTableViewCell.m */ = {isa = PBXFileReference; fileEncoding = 4; lastKnownFileType = sourcecode.c.objc; name = InclusionsTableViewCell.m; path = CartrawlerGroundTransport/InclusionsTableViewCell.m; sourceTree = SOURCE_ROOT; };
		451E73751E03FEA600D58F71 /* GroundTransportViewController.h */ = {isa = PBXFileReference; fileEncoding = 4; lastKnownFileType = sourcecode.c.h; name = GroundTransportViewController.h; path = CartrawlerGroundTransport/GroundTransportViewController.h; sourceTree = SOURCE_ROOT; };
		451E73761E03FEA600D58F71 /* GroundTransportViewController.m */ = {isa = PBXFileReference; fileEncoding = 4; lastKnownFileType = sourcecode.c.objc; name = GroundTransportViewController.m; path = CartrawlerGroundTransport/GroundTransportViewController.m; sourceTree = SOURCE_ROOT; };
		451E73771E03FEA600D58F71 /* PassengerSelectionViewController.h */ = {isa = PBXFileReference; fileEncoding = 4; lastKnownFileType = sourcecode.c.h; name = PassengerSelectionViewController.h; path = CartrawlerGroundTransport/PassengerSelectionViewController.h; sourceTree = SOURCE_ROOT; };
		451E73781E03FEA600D58F71 /* PassengerSelectionViewController.m */ = {isa = PBXFileReference; fileEncoding = 4; lastKnownFileType = sourcecode.c.objc; name = PassengerSelectionViewController.m; path = CartrawlerGroundTransport/PassengerSelectionViewController.m; sourceTree = SOURCE_ROOT; };
		451E737E1E03FEE100D58F71 /* GroundTransport.storyboard */ = {isa = PBXFileReference; fileEncoding = 4; lastKnownFileType = file.storyboard; name = GroundTransport.storyboard; path = CartrawlerGroundTransport/GroundTransport.storyboard; sourceTree = SOURCE_ROOT; };
		451E73811E03FF3C00D58F71 /* CartrawlerSDK.framework */ = {isa = PBXFileReference; lastKnownFileType = wrapper.framework; name = CartrawlerSDK.framework; path = "../../../Library/Developer/Xcode/DerivedData/CartrawlerSDK-ggnkifmwdjtizbfixejavfojdsbe/Build/Products/Debug-iphonesimulator/CartrawlerSDK.framework"; sourceTree = "<group>"; };
		451E73A11E0404BD00D58F71 /* GroundTransportSearch.h */ = {isa = PBXFileReference; fileEncoding = 4; lastKnownFileType = sourcecode.c.h; name = GroundTransportSearch.h; path = ../../CartrawlerGroundTransport/CartrawlerGroundTransport/GroundTransportSearch.h; sourceTree = "<group>"; };
		451E73A21E0404BD00D58F71 /* GroundTransportSearch.m */ = {isa = PBXFileReference; fileEncoding = 4; lastKnownFileType = sourcecode.c.objc; name = GroundTransportSearch.m; path = ../../CartrawlerGroundTransport/CartrawlerGroundTransport/GroundTransportSearch.m; sourceTree = "<group>"; };
		451E73A31E0404BD00D58F71 /* GTBooking.h */ = {isa = PBXFileReference; fileEncoding = 4; lastKnownFileType = sourcecode.c.h; name = GTBooking.h; path = ../../CartrawlerGroundTransport/CartrawlerGroundTransport/GTBooking.h; sourceTree = "<group>"; };
		451E73A41E0404BD00D58F71 /* GTBooking.m */ = {isa = PBXFileReference; fileEncoding = 4; lastKnownFileType = sourcecode.c.objc; name = GTBooking.m; path = ../../CartrawlerGroundTransport/CartrawlerGroundTransport/GTBooking.m; sourceTree = "<group>"; };
		451E73A51E0404BD00D58F71 /* GTBookingsViewController.h */ = {isa = PBXFileReference; fileEncoding = 4; lastKnownFileType = sourcecode.c.h; name = GTBookingsViewController.h; path = ../../CartrawlerGroundTransport/CartrawlerGroundTransport/GTBookingsViewController.h; sourceTree = "<group>"; };
		451E73A61E0404BD00D58F71 /* GTBookingsViewController.m */ = {isa = PBXFileReference; fileEncoding = 4; lastKnownFileType = sourcecode.c.objc; name = GTBookingsViewController.m; path = ../../CartrawlerGroundTransport/CartrawlerGroundTransport/GTBookingsViewController.m; sourceTree = "<group>"; };
		451E73A71E0404BD00D58F71 /* GTBookingTableViewCell.h */ = {isa = PBXFileReference; fileEncoding = 4; lastKnownFileType = sourcecode.c.h; name = GTBookingTableViewCell.h; path = ../../CartrawlerGroundTransport/CartrawlerGroundTransport/GTBookingTableViewCell.h; sourceTree = "<group>"; };
		451E73A81E0404BD00D58F71 /* GTBookingTableViewCell.m */ = {isa = PBXFileReference; fileEncoding = 4; lastKnownFileType = sourcecode.c.objc; name = GTBookingTableViewCell.m; path = ../../CartrawlerGroundTransport/CartrawlerGroundTransport/GTBookingTableViewCell.m; sourceTree = "<group>"; };
		451E73A91E0404BD00D58F71 /* GTBooking.h */ = {isa = PBXFileReference; fileEncoding = 4; lastKnownFileType = sourcecode.c.h; name = GTBooking.h; path = ../../CartrawlerGroundTransport/CartrawlerGroundTransport/GTBooking.h; sourceTree = "<group>"; };
		451E73AA1E0404BD00D58F71 /* GTBooking.m */ = {isa = PBXFileReference; fileEncoding = 4; lastKnownFileType = sourcecode.c.objc; name = GTBooking.m; path = ../../CartrawlerGroundTransport/CartrawlerGroundTransport/GTBooking.m; sourceTree = "<group>"; };
		451E73AB1E0404BD00D58F71 /* GTBookingsViewController.h */ = {isa = PBXFileReference; fileEncoding = 4; lastKnownFileType = sourcecode.c.h; name = GTBookingsViewController.h; path = ../../CartrawlerGroundTransport/CartrawlerGroundTransport/GTBookingsViewController.h; sourceTree = "<group>"; };
		451E73AC1E0404BD00D58F71 /* GTBookingsViewController.m */ = {isa = PBXFileReference; fileEncoding = 4; lastKnownFileType = sourcecode.c.objc; name = GTBookingsViewController.m; path = ../../CartrawlerGroundTransport/CartrawlerGroundTransport/GTBookingsViewController.m; sourceTree = "<group>"; };
		451E73AD1E0404BD00D58F71 /* GTBookingTableViewCell.h */ = {isa = PBXFileReference; fileEncoding = 4; lastKnownFileType = sourcecode.c.h; name = GTBookingTableViewCell.h; path = ../../CartrawlerGroundTransport/CartrawlerGroundTransport/GTBookingTableViewCell.h; sourceTree = "<group>"; };
		451E73AE1E0404BD00D58F71 /* GTBookingTableViewCell.m */ = {isa = PBXFileReference; fileEncoding = 4; lastKnownFileType = sourcecode.c.objc; name = GTBookingTableViewCell.m; path = ../../CartrawlerGroundTransport/CartrawlerGroundTransport/GTBookingTableViewCell.m; sourceTree = "<group>"; };
/* End PBXFileReference section */

/* Begin PBXFrameworksBuildPhase section */
		451E72CE1E03FA2100D58F71 /* Frameworks */ = {
			isa = PBXFrameworksBuildPhase;
			buildActionMask = 2147483647;
			files = (
				451E73821E03FF3C00D58F71 /* CartrawlerSDK.framework in Frameworks */,
			);
			runOnlyForDeploymentPostprocessing = 0;
		};
		451E72D81E03FA2100D58F71 /* Frameworks */ = {
			isa = PBXFrameworksBuildPhase;
			buildActionMask = 2147483647;
			files = (
				451E72DC1E03FA2100D58F71 /* CartrawlerGroundTransport.framework in Frameworks */,
			);
			runOnlyForDeploymentPostprocessing = 0;
		};
/* End PBXFrameworksBuildPhase section */

/* Begin PBXGroup section */
		451E72C81E03FA2100D58F71 = {
			isa = PBXGroup;
			children = (
				451E72D41E03FA2100D58F71 /* CartrawlerGroundTransport */,
				451E72DF1E03FA2100D58F71 /* CartrawlerGroundTransportTests */,
				451E72D31E03FA2100D58F71 /* Products */,
				451E73801E03FF3C00D58F71 /* Frameworks */,
			);
			sourceTree = "<group>";
		};
		451E72D31E03FA2100D58F71 /* Products */ = {
			isa = PBXGroup;
			children = (
				451E72D21E03FA2100D58F71 /* CartrawlerGroundTransport.framework */,
				451E72DB1E03FA2100D58F71 /* CartrawlerGroundTransportTests.xctest */,
			);
			name = Products;
			sourceTree = "<group>";
		};
		451E72D41E03FA2100D58F71 /* CartrawlerGroundTransport */ = {
			isa = PBXGroup;
			children = (
				451E73AF1E0404BD00D58F71 /* Base View Controllers */,
				451E73161E03FD5F00D58F71 /* Public */,
				451E72D51E03FA2100D58F71 /* CartrawlerGroundTransport.h */,
				451E72D61E03FA2100D58F71 /* Info.plist */,
			);
			path = CartrawlerGroundTransport;
			sourceTree = "<group>";
		};
		451E72DF1E03FA2100D58F71 /* CartrawlerGroundTransportTests */ = {
			isa = PBXGroup;
			children = (
				451E72E01E03FA2100D58F71 /* CartrawlerGroundTransportTests.m */,
				451E72E21E03FA2100D58F71 /* Info.plist */,
			);
			path = CartrawlerGroundTransportTests;
			sourceTree = "<group>";
		};
		451E72EE1E03FD5F00D58F71 /* Interstitial */ = {
			isa = PBXGroup;
			children = (
				451E73391E03FE2800D58F71 /* GTInterstitialViewController.h */,
				451E733A1E03FE2800D58F71 /* GTInterstitialViewController.m */,
			);
			name = Interstitial;
			sourceTree = "<group>";
		};
		451E72F31E03FD5F00D58F71 /* Payment */ = {
			isa = PBXGroup;
			children = (
				451E733D1E03FE3A00D58F71 /* GTPaymentCompletionViewController.h */,
				451E733E1E03FE3A00D58F71 /* GTPaymentCompletionViewController.m */,
				451E733F1E03FE3A00D58F71 /* GTPaymentViewController.h */,
				451E73401E03FE3A00D58F71 /* GTPaymentViewController.m */,
			);
			name = Payment;
			sourceTree = "<group>";
		};
		451E72F61E03FD5F00D58F71 /* Google Places */ = {
			isa = PBXGroup;
			children = (
				451E73451E03FE4F00D58F71 /* GooglePlaceService.h */,
				451E73461E03FE4F00D58F71 /* GooglePlaceService.m */,
			);
			name = "Google Places";
			sourceTree = "<group>";
		};
		451E72F91E03FD5F00D58F71 /* Step Three */ = {
			isa = PBXGroup;
			children = (
				451E73491E03FE6000D58F71 /* GTPassengerViewController.h */,
				451E734A1E03FE6000D58F71 /* GTPassengerViewController.m */,
			);
			name = "Step Three";
			sourceTree = "<group>";
		};
		451E73001E03FD5F00D58F71 /* Filter Collection View */ = {
			isa = PBXGroup;
			children = (
				451E734D1E03FE7300D58F71 /* FilterCollectionViewDataSource.h */,
				451E734E1E03FE7300D58F71 /* FilterCollectionViewDataSource.m */,
				451E734F1E03FE7300D58F71 /* GTFilterCollectionViewCell.h */,
				451E73501E03FE7300D58F71 /* GTFilterCollectionViewCell.m */,
				451E73511E03FE7300D58F71 /* GTFilterCollectionViewFlowLayout.h */,
				451E73521E03FE7300D58F71 /* GTFilterCollectionViewFlowLayout.m */,
			);
			name = "Filter Collection View";
			sourceTree = "<group>";
		};
		451E730D1E03FD5F00D58F71 /* TableViewCell */ = {
			isa = PBXGroup;
			children = (
				451E735B1E03FE8A00D58F71 /* GTServiceTableViewCell.h */,
				451E735C1E03FE8A00D58F71 /* GTServiceTableViewCell.m */,
				451E735D1E03FE8A00D58F71 /* GTShuttleTableViewCell.h */,
				451E735E1E03FE8A00D58F71 /* GTShuttleTableViewCell.m */,
				451E735F1E03FE8A00D58F71 /* InclusionCollectionViewCell.h */,
				451E73601E03FE8A00D58F71 /* InclusionCollectionViewCell.m */,
				451E73611E03FE8A00D58F71 /* InclusionCollectionViewDataSource.h */,
				451E73621E03FE8A00D58F71 /* InclusionCollectionViewDataSource.m */,
				451E73631E03FE8A00D58F71 /* InclusionFlowLayout.h */,
				451E73641E03FE8A00D58F71 /* InclusionFlowLayout.m */,
				451E73651E03FE8A00D58F71 /* InclusionsTableViewCell.h */,
				451E73661E03FE8A00D58F71 /* InclusionsTableViewCell.m */,
			);
			name = TableViewCell;
			sourceTree = "<group>";
		};
		451E73101E03FD5F00D58F71 /* Step Two */ = {
			isa = PBXGroup;
			children = (
				451E73001E03FD5F00D58F71 /* Filter Collection View */,
				451E730D1E03FD5F00D58F71 /* TableViewCell */,
				451E73591E03FE8A00D58F71 /* GroundServicesViewController.h */,
				451E735A1E03FE8A00D58F71 /* GroundServicesViewController.m */,
			);
			name = "Step Two";
			sourceTree = "<group>";
		};
		451E73151E03FD5F00D58F71 /* Step One */ = {
			isa = PBXGroup;
			children = (
				451E73751E03FEA600D58F71 /* GroundTransportViewController.h */,
				451E73761E03FEA600D58F71 /* GroundTransportViewController.m */,
				451E73771E03FEA600D58F71 /* PassengerSelectionViewController.h */,
				451E73781E03FEA600D58F71 /* PassengerSelectionViewController.m */,
			);
			name = "Step One";
			sourceTree = "<group>";
		};
		451E73161E03FD5F00D58F71 /* Public */ = {
			isa = PBXGroup;
			children = (
				451E737D1E03FEC800D58F71 /* Storyboard */,
				451E72EE1E03FD5F00D58F71 /* Interstitial */,
				451E72F31E03FD5F00D58F71 /* Payment */,
				451E72F61E03FD5F00D58F71 /* Google Places */,
				451E72F91E03FD5F00D58F71 /* Step Three */,
				451E73101E03FD5F00D58F71 /* Step Two */,
				451E73151E03FD5F00D58F71 /* Step One */,
			);
			name = Public;
			path = ../../UI/CartrawlerSDK;
			sourceTree = "<group>";
		};
		451E737D1E03FEC800D58F71 /* Storyboard */ = {
			isa = PBXGroup;
			children = (
				451E737E1E03FEE100D58F71 /* GroundTransport.storyboard */,
			);
			name = Storyboard;
			sourceTree = "<group>";
		};
		451E73801E03FF3C00D58F71 /* Frameworks */ = {
			isa = PBXGroup;
			children = (
				451E73811E03FF3C00D58F71 /* CartrawlerSDK.framework */,
			);
			name = Frameworks;
			sourceTree = "<group>";
		};
		451E73AF1E0404BD00D58F71 /* Base View Controllers */ = {
			isa = PBXGroup;
			children = (
				451E73A11E0404BD00D58F71 /* GroundTransportSearch.h */,
				451E73A21E0404BD00D58F71 /* GroundTransportSearch.m */,
				451E73A31E0404BD00D58F71 /* GTBooking.h */,
				451E73A41E0404BD00D58F71 /* GTBooking.m */,
				451E73A51E0404BD00D58F71 /* GTBookingsViewController.h */,
				451E73A61E0404BD00D58F71 /* GTBookingsViewController.m */,
				451E73A71E0404BD00D58F71 /* GTBookingTableViewCell.h */,
				451E73A81E0404BD00D58F71 /* GTBookingTableViewCell.m */,
				451E73A91E0404BD00D58F71 /* GTBooking.h */,
				451E73AA1E0404BD00D58F71 /* GTBooking.m */,
				451E73AB1E0404BD00D58F71 /* GTBookingsViewController.h */,
				451E73AC1E0404BD00D58F71 /* GTBookingsViewController.m */,
				451E73AD1E0404BD00D58F71 /* GTBookingTableViewCell.h */,
				451E73AE1E0404BD00D58F71 /* GTBookingTableViewCell.m */,
			);
			name = "Base View Controllers";
			path = ../../CartrawlerInPath/CartrawlerInPath;
			sourceTree = "<group>";
		};
/* End PBXGroup section */

/* Begin PBXHeadersBuildPhase section */
		451E72CF1E03FA2100D58F71 /* Headers */ = {
			isa = PBXHeadersBuildPhase;
			buildActionMask = 2147483647;
			files = (
				451E736F1E03FE8B00D58F71 /* InclusionCollectionViewDataSource.h in Headers */,
				451E73531E03FE7300D58F71 /* FilterCollectionViewDataSource.h in Headers */,
				451E736D1E03FE8B00D58F71 /* InclusionCollectionViewCell.h in Headers */,
				451E73711E03FE8B00D58F71 /* InclusionFlowLayout.h in Headers */,
				451E734B1E03FE6000D58F71 /* GTPassengerViewController.h in Headers */,
				451E73B21E0404BD00D58F71 /* GTBooking.h in Headers */,
				451E73731E03FE8B00D58F71 /* InclusionsTableViewCell.h in Headers */,
				451E73B41E0404BD00D58F71 /* GTBookingsViewController.h in Headers */,
				451E733B1E03FE2800D58F71 /* GTInterstitialViewController.h in Headers */,
				451E73571E03FE7300D58F71 /* GTFilterCollectionViewFlowLayout.h in Headers */,
				451E73791E03FEA600D58F71 /* GroundTransportViewController.h in Headers */,
				451E73471E03FE4F00D58F71 /* GooglePlaceService.h in Headers */,
				451E73671E03FE8A00D58F71 /* GroundServicesViewController.h in Headers */,
				451E73691E03FE8B00D58F71 /* GTServiceTableViewCell.h in Headers */,
				451E737B1E03FEA600D58F71 /* PassengerSelectionViewController.h in Headers */,
				451E73551E03FE7300D58F71 /* GTFilterCollectionViewCell.h in Headers */,
				451E73B01E0404BD00D58F71 /* GroundTransportSearch.h in Headers */,
				451E72E31E03FA2100D58F71 /* CartrawlerGroundTransport.h in Headers */,
				451E73431E03FE3A00D58F71 /* GTPaymentViewController.h in Headers */,
				451E736B1E03FE8B00D58F71 /* GTShuttleTableViewCell.h in Headers */,
				451E73BC1E0404BD00D58F71 /* GTBookingTableViewCell.h in Headers */,
				451E73411E03FE3A00D58F71 /* GTPaymentCompletionViewController.h in Headers */,
				451E73B61E0404BD00D58F71 /* GTBookingTableViewCell.h in Headers */,
				451E73BA1E0404BD00D58F71 /* GTBookingsViewController.h in Headers */,
				451E73B81E0404BD00D58F71 /* GTBooking.h in Headers */,
			);
			runOnlyForDeploymentPostprocessing = 0;
		};
/* End PBXHeadersBuildPhase section */

/* Begin PBXNativeTarget section */
		451E72D11E03FA2100D58F71 /* CartrawlerGroundTransport */ = {
			isa = PBXNativeTarget;
			buildConfigurationList = 451E72E61E03FA2100D58F71 /* Build configuration list for PBXNativeTarget "CartrawlerGroundTransport" */;
			buildPhases = (
				451E72CD1E03FA2100D58F71 /* Sources */,
				451E72CE1E03FA2100D58F71 /* Frameworks */,
				451E72CF1E03FA2100D58F71 /* Headers */,
				451E72D01E03FA2100D58F71 /* Resources */,
			);
			buildRules = (
			);
			dependencies = (
			);
			name = CartrawlerGroundTransport;
			productName = CartrawlerGroundTransport;
			productReference = 451E72D21E03FA2100D58F71 /* CartrawlerGroundTransport.framework */;
			productType = "com.apple.product-type.framework";
		};
		451E72DA1E03FA2100D58F71 /* CartrawlerGroundTransportTests */ = {
			isa = PBXNativeTarget;
			buildConfigurationList = 451E72E91E03FA2100D58F71 /* Build configuration list for PBXNativeTarget "CartrawlerGroundTransportTests" */;
			buildPhases = (
				451E72D71E03FA2100D58F71 /* Sources */,
				451E72D81E03FA2100D58F71 /* Frameworks */,
				451E72D91E03FA2100D58F71 /* Resources */,
			);
			buildRules = (
			);
			dependencies = (
				451E72DE1E03FA2100D58F71 /* PBXTargetDependency */,
			);
			name = CartrawlerGroundTransportTests;
			productName = CartrawlerGroundTransportTests;
			productReference = 451E72DB1E03FA2100D58F71 /* CartrawlerGroundTransportTests.xctest */;
			productType = "com.apple.product-type.bundle.unit-test";
		};
/* End PBXNativeTarget section */

/* Begin PBXProject section */
		451E72C91E03FA2100D58F71 /* Project object */ = {
			isa = PBXProject;
			attributes = {
				LastUpgradeCheck = 0810;
				ORGANIZATIONNAME = Cartrawler;
				TargetAttributes = {
					451E72D11E03FA2100D58F71 = {
						CreatedOnToolsVersion = 8.1;
						DevelopmentTeam = 3L8QU4R2JJ;
						ProvisioningStyle = Automatic;
					};
					451E72DA1E03FA2100D58F71 = {
						CreatedOnToolsVersion = 8.1;
						DevelopmentTeam = 3L8QU4R2JJ;
						ProvisioningStyle = Automatic;
					};
				};
			};
			buildConfigurationList = 451E72CC1E03FA2100D58F71 /* Build configuration list for PBXProject "CartrawlerGroundTransport" */;
			compatibilityVersion = "Xcode 3.2";
			developmentRegion = English;
			hasScannedForEncodings = 0;
			knownRegions = (
				en,
			);
			mainGroup = 451E72C81E03FA2100D58F71;
			productRefGroup = 451E72D31E03FA2100D58F71 /* Products */;
			projectDirPath = "";
			projectRoot = "";
			targets = (
				451E72D11E03FA2100D58F71 /* CartrawlerGroundTransport */,
				451E72DA1E03FA2100D58F71 /* CartrawlerGroundTransportTests */,
			);
		};
/* End PBXProject section */

/* Begin PBXResourcesBuildPhase section */
		451E72D01E03FA2100D58F71 /* Resources */ = {
			isa = PBXResourcesBuildPhase;
			buildActionMask = 2147483647;
			files = (
				451E737F1E03FEE100D58F71 /* GroundTransport.storyboard in Resources */,
			);
			runOnlyForDeploymentPostprocessing = 0;
		};
		451E72D91E03FA2100D58F71 /* Resources */ = {
			isa = PBXResourcesBuildPhase;
			buildActionMask = 2147483647;
			files = (
			);
			runOnlyForDeploymentPostprocessing = 0;
		};
/* End PBXResourcesBuildPhase section */

/* Begin PBXSourcesBuildPhase section */
		451E72CD1E03FA2100D58F71 /* Sources */ = {
			isa = PBXSourcesBuildPhase;
			buildActionMask = 2147483647;
			files = (
				451E73B91E0404BD00D58F71 /* GTBooking.m in Sources */,
				451E73B11E0404BD00D58F71 /* GroundTransportSearch.m in Sources */,
				451E733C1E03FE2800D58F71 /* GTInterstitialViewController.m in Sources */,
				451E73B31E0404BD00D58F71 /* GTBooking.m in Sources */,
				451E73561E03FE7300D58F71 /* GTFilterCollectionViewCell.m in Sources */,
				451E73421E03FE3A00D58F71 /* GTPaymentCompletionViewController.m in Sources */,
				451E73681E03FE8A00D58F71 /* GroundServicesViewController.m in Sources */,
				451E73481E03FE4F00D58F71 /* GooglePlaceService.m in Sources */,
				451E73B71E0404BD00D58F71 /* GTBookingTableViewCell.m in Sources */,
				451E73B51E0404BD00D58F71 /* GTBookingsViewController.m in Sources */,
				451E73BD1E0404BD00D58F71 /* GTBookingTableViewCell.m in Sources */,
				451E73721E03FE8B00D58F71 /* InclusionFlowLayout.m in Sources */,
				451E734C1E03FE6000D58F71 /* GTPassengerViewController.m in Sources */,
				451E73741E03FE8B00D58F71 /* InclusionsTableViewCell.m in Sources */,
				451E736E1E03FE8B00D58F71 /* InclusionCollectionViewCell.m in Sources */,
				451E737A1E03FEA600D58F71 /* GroundTransportViewController.m in Sources */,
				451E73581E03FE7300D58F71 /* GTFilterCollectionViewFlowLayout.m in Sources */,
				451E736C1E03FE8B00D58F71 /* GTShuttleTableViewCell.m in Sources */,
				451E737C1E03FEA600D58F71 /* PassengerSelectionViewController.m in Sources */,
				451E73541E03FE7300D58F71 /* FilterCollectionViewDataSource.m in Sources */,
				451E73441E03FE3A00D58F71 /* GTPaymentViewController.m in Sources */,
				451E73BB1E0404BD00D58F71 /* GTBookingsViewController.m in Sources */,
				451E73701E03FE8B00D58F71 /* InclusionCollectionViewDataSource.m in Sources */,
				451E736A1E03FE8B00D58F71 /* GTServiceTableViewCell.m in Sources */,
			);
			runOnlyForDeploymentPostprocessing = 0;
		};
		451E72D71E03FA2100D58F71 /* Sources */ = {
			isa = PBXSourcesBuildPhase;
			buildActionMask = 2147483647;
			files = (
				451E72E11E03FA2100D58F71 /* CartrawlerGroundTransportTests.m in Sources */,
			);
			runOnlyForDeploymentPostprocessing = 0;
		};
/* End PBXSourcesBuildPhase section */

/* Begin PBXTargetDependency section */
		451E72DE1E03FA2100D58F71 /* PBXTargetDependency */ = {
			isa = PBXTargetDependency;
			target = 451E72D11E03FA2100D58F71 /* CartrawlerGroundTransport */;
			targetProxy = 451E72DD1E03FA2100D58F71 /* PBXContainerItemProxy */;
		};
/* End PBXTargetDependency section */

/* Begin XCBuildConfiguration section */
		451E72E41E03FA2100D58F71 /* Debug */ = {
			isa = XCBuildConfiguration;
			buildSettings = {
				ALWAYS_SEARCH_USER_PATHS = NO;
				CLANG_ANALYZER_NONNULL = YES;
				CLANG_CXX_LANGUAGE_STANDARD = "gnu++0x";
				CLANG_CXX_LIBRARY = "libc++";
				CLANG_ENABLE_MODULES = YES;
				CLANG_ENABLE_OBJC_ARC = YES;
				CLANG_WARN_BOOL_CONVERSION = YES;
				CLANG_WARN_CONSTANT_CONVERSION = YES;
				CLANG_WARN_DIRECT_OBJC_ISA_USAGE = YES_ERROR;
				CLANG_WARN_DOCUMENTATION_COMMENTS = YES;
				CLANG_WARN_EMPTY_BODY = YES;
				CLANG_WARN_ENUM_CONVERSION = YES;
				CLANG_WARN_INFINITE_RECURSION = YES;
				CLANG_WARN_INT_CONVERSION = YES;
				CLANG_WARN_OBJC_ROOT_CLASS = YES_ERROR;
				CLANG_WARN_SUSPICIOUS_MOVES = YES;
				CLANG_WARN_UNREACHABLE_CODE = YES;
				CLANG_WARN__DUPLICATE_METHOD_MATCH = YES;
				"CODE_SIGN_IDENTITY[sdk=iphoneos*]" = "iPhone Developer";
				COPY_PHASE_STRIP = NO;
				CURRENT_PROJECT_VERSION = 1;
				DEBUG_INFORMATION_FORMAT = dwarf;
				ENABLE_STRICT_OBJC_MSGSEND = YES;
				ENABLE_TESTABILITY = YES;
				GCC_C_LANGUAGE_STANDARD = gnu99;
				GCC_DYNAMIC_NO_PIC = NO;
				GCC_NO_COMMON_BLOCKS = YES;
				GCC_OPTIMIZATION_LEVEL = 0;
				GCC_PREPROCESSOR_DEFINITIONS = (
					"DEBUG=1",
					"$(inherited)",
				);
				GCC_WARN_64_TO_32_BIT_CONVERSION = YES;
				GCC_WARN_ABOUT_RETURN_TYPE = YES_ERROR;
				GCC_WARN_UNDECLARED_SELECTOR = YES;
				GCC_WARN_UNINITIALIZED_AUTOS = YES_AGGRESSIVE;
				GCC_WARN_UNUSED_FUNCTION = YES;
				GCC_WARN_UNUSED_VARIABLE = YES;
				IPHONEOS_DEPLOYMENT_TARGET = 10.1;
				MTL_ENABLE_DEBUG_INFO = YES;
				ONLY_ACTIVE_ARCH = YES;
				SDKROOT = iphoneos;
				TARGETED_DEVICE_FAMILY = "1,2";
				VERSIONING_SYSTEM = "apple-generic";
				VERSION_INFO_PREFIX = "";
			};
			name = Debug;
		};
		451E72E51E03FA2100D58F71 /* Release */ = {
			isa = XCBuildConfiguration;
			buildSettings = {
				ALWAYS_SEARCH_USER_PATHS = NO;
				CLANG_ANALYZER_NONNULL = YES;
				CLANG_CXX_LANGUAGE_STANDARD = "gnu++0x";
				CLANG_CXX_LIBRARY = "libc++";
				CLANG_ENABLE_MODULES = YES;
				CLANG_ENABLE_OBJC_ARC = YES;
				CLANG_WARN_BOOL_CONVERSION = YES;
				CLANG_WARN_CONSTANT_CONVERSION = YES;
				CLANG_WARN_DIRECT_OBJC_ISA_USAGE = YES_ERROR;
				CLANG_WARN_DOCUMENTATION_COMMENTS = YES;
				CLANG_WARN_EMPTY_BODY = YES;
				CLANG_WARN_ENUM_CONVERSION = YES;
				CLANG_WARN_INFINITE_RECURSION = YES;
				CLANG_WARN_INT_CONVERSION = YES;
				CLANG_WARN_OBJC_ROOT_CLASS = YES_ERROR;
				CLANG_WARN_SUSPICIOUS_MOVES = YES;
				CLANG_WARN_UNREACHABLE_CODE = YES;
				CLANG_WARN__DUPLICATE_METHOD_MATCH = YES;
				"CODE_SIGN_IDENTITY[sdk=iphoneos*]" = "iPhone Developer";
				COPY_PHASE_STRIP = NO;
				CURRENT_PROJECT_VERSION = 1;
				DEBUG_INFORMATION_FORMAT = "dwarf-with-dsym";
				ENABLE_NS_ASSERTIONS = NO;
				ENABLE_STRICT_OBJC_MSGSEND = YES;
				GCC_C_LANGUAGE_STANDARD = gnu99;
				GCC_NO_COMMON_BLOCKS = YES;
				GCC_WARN_64_TO_32_BIT_CONVERSION = YES;
				GCC_WARN_ABOUT_RETURN_TYPE = YES_ERROR;
				GCC_WARN_UNDECLARED_SELECTOR = YES;
				GCC_WARN_UNINITIALIZED_AUTOS = YES_AGGRESSIVE;
				GCC_WARN_UNUSED_FUNCTION = YES;
				GCC_WARN_UNUSED_VARIABLE = YES;
				IPHONEOS_DEPLOYMENT_TARGET = 10.1;
				MTL_ENABLE_DEBUG_INFO = NO;
				SDKROOT = iphoneos;
				TARGETED_DEVICE_FAMILY = "1,2";
				VALIDATE_PRODUCT = YES;
				VERSIONING_SYSTEM = "apple-generic";
				VERSION_INFO_PREFIX = "";
			};
			name = Release;
		};
		451E72E71E03FA2100D58F71 /* Debug */ = {
			isa = XCBuildConfiguration;
			buildSettings = {
				CODE_SIGN_IDENTITY = "";
				DEFINES_MODULE = YES;
				DEVELOPMENT_TEAM = 3L8QU4R2JJ;
				DYLIB_COMPATIBILITY_VERSION = 1;
				DYLIB_CURRENT_VERSION = 1;
				DYLIB_INSTALL_NAME_BASE = "@rpath";
				INFOPLIST_FILE = CartrawlerGroundTransport/Info.plist;
				INSTALL_PATH = "$(LOCAL_LIBRARY_DIR)/Frameworks";
				IPHONEOS_DEPLOYMENT_TARGET = 8.0;
				LD_RUNPATH_SEARCH_PATHS = "$(inherited) @executable_path/Frameworks @loader_path/Frameworks";
				PRODUCT_BUNDLE_IDENTIFIER = com.cartrawler.groundTransport;
				PRODUCT_NAME = "$(TARGET_NAME)";
				SKIP_INSTALL = YES;
			};
			name = Debug;
		};
		451E72E81E03FA2100D58F71 /* Release */ = {
			isa = XCBuildConfiguration;
			buildSettings = {
				CODE_SIGN_IDENTITY = "";
				DEFINES_MODULE = YES;
				DEVELOPMENT_TEAM = 3L8QU4R2JJ;
				DYLIB_COMPATIBILITY_VERSION = 1;
				DYLIB_CURRENT_VERSION = 1;
				DYLIB_INSTALL_NAME_BASE = "@rpath";
				INFOPLIST_FILE = CartrawlerGroundTransport/Info.plist;
				INSTALL_PATH = "$(LOCAL_LIBRARY_DIR)/Frameworks";
				IPHONEOS_DEPLOYMENT_TARGET = 8.0;
				LD_RUNPATH_SEARCH_PATHS = "$(inherited) @executable_path/Frameworks @loader_path/Frameworks";
				PRODUCT_BUNDLE_IDENTIFIER = com.cartrawler.groundTransport;
				PRODUCT_NAME = "$(TARGET_NAME)";
				SKIP_INSTALL = YES;
			};
			name = Release;
		};
		451E72EA1E03FA2100D58F71 /* Debug */ = {
			isa = XCBuildConfiguration;
			buildSettings = {
				DEVELOPMENT_TEAM = 3L8QU4R2JJ;
				INFOPLIST_FILE = CartrawlerGroundTransportTests/Info.plist;
				LD_RUNPATH_SEARCH_PATHS = "$(inherited) @executable_path/Frameworks @loader_path/Frameworks";
				PRODUCT_BUNDLE_IDENTIFIER = com.cartrawler.groundTransport.CartrawlerGroundTransportTests;
				PRODUCT_NAME = "$(TARGET_NAME)";
			};
			name = Debug;
		};
		451E72EB1E03FA2100D58F71 /* Release */ = {
			isa = XCBuildConfiguration;
			buildSettings = {
				DEVELOPMENT_TEAM = 3L8QU4R2JJ;
				INFOPLIST_FILE = CartrawlerGroundTransportTests/Info.plist;
				LD_RUNPATH_SEARCH_PATHS = "$(inherited) @executable_path/Frameworks @loader_path/Frameworks";
				PRODUCT_BUNDLE_IDENTIFIER = com.cartrawler.groundTransport.CartrawlerGroundTransportTests;
				PRODUCT_NAME = "$(TARGET_NAME)";
			};
			name = Release;
		};
/* End XCBuildConfiguration section */

/* Begin XCConfigurationList section */
		451E72CC1E03FA2100D58F71 /* Build configuration list for PBXProject "CartrawlerGroundTransport" */ = {
			isa = XCConfigurationList;
			buildConfigurations = (
				451E72E41E03FA2100D58F71 /* Debug */,
				451E72E51E03FA2100D58F71 /* Release */,
			);
			defaultConfigurationIsVisible = 0;
			defaultConfigurationName = Release;
		};
		451E72E61E03FA2100D58F71 /* Build configuration list for PBXNativeTarget "CartrawlerGroundTransport" */ = {
			isa = XCConfigurationList;
			buildConfigurations = (
				451E72E71E03FA2100D58F71 /* Debug */,
				451E72E81E03FA2100D58F71 /* Release */,
			);
			defaultConfigurationIsVisible = 0;
		};
		451E72E91E03FA2100D58F71 /* Build configuration list for PBXNativeTarget "CartrawlerGroundTransportTests" */ = {
			isa = XCConfigurationList;
			buildConfigurations = (
				451E72EA1E03FA2100D58F71 /* Debug */,
				451E72EB1E03FA2100D58F71 /* Release */,
			);
			defaultConfigurationIsVisible = 0;
		};
/* End XCConfigurationList section */
	};
	rootObject = 451E72C91E03FA2100D58F71 /* Project object */;
}
