// !$*UTF8*$!
{
	archiveVersion = 1;
	classes = {
	};
	objectVersion = 46;
	objects = {

/* Begin PBXBuildFile section */
		451B9A071D001E8E001D07A7 /* main.m in Sources */ = {isa = PBXBuildFile; fileRef = 451B9A061D001E8E001D07A7 /* main.m */; };
		451B9A0A1D001E8E001D07A7 /* AppDelegate.m in Sources */ = {isa = PBXBuildFile; fileRef = 451B9A091D001E8E001D07A7 /* AppDelegate.m */; };
		451B9A0D1D001E8E001D07A7 /* ViewController.m in Sources */ = {isa = PBXBuildFile; fileRef = 451B9A0C1D001E8E001D07A7 /* ViewController.m */; };
		451B9A101D001E8E001D07A7 /* Main.storyboard in Resources */ = {isa = PBXBuildFile; fileRef = 451B9A0E1D001E8E001D07A7 /* Main.storyboard */; };
		451B9A121D001E8E001D07A7 /* Assets.xcassets in Resources */ = {isa = PBXBuildFile; fileRef = 451B9A111D001E8E001D07A7 /* Assets.xcassets */; };
		451B9A151D001E8E001D07A7 /* LaunchScreen.storyboard in Resources */ = {isa = PBXBuildFile; fileRef = 451B9A131D001E8E001D07A7 /* LaunchScreen.storyboard */; };
		451B9A201D001E8E001D07A7 /* CartrawlerUIFrameworkTests.m in Sources */ = {isa = PBXBuildFile; fileRef = 451B9A1F1D001E8E001D07A7 /* CartrawlerUIFrameworkTests.m */; };
		451B9A2B1D001E8E001D07A7 /* CartrawlerUIFrameworkUITests.m in Sources */ = {isa = PBXBuildFile; fileRef = 451B9A2A1D001E8E001D07A7 /* CartrawlerUIFrameworkUITests.m */; };
		451B9A391D002093001D07A7 /* VehicleTableViewCell_iPhone.xib in Resources */ = {isa = PBXBuildFile; fileRef = 451B9A381D002093001D07A7 /* VehicleTableViewCell_iPhone.xib */; };
		451B9A3C1D002133001D07A7 /* VehicleTableViewCell.m in Sources */ = {isa = PBXBuildFile; fileRef = 451B9A3B1D002133001D07A7 /* VehicleTableViewCell.m */; };
		451B9A3E1D00226F001D07A7 /* CartrawlerAPI.framework in Frameworks */ = {isa = PBXBuildFile; fileRef = 451B9A3D1D00226F001D07A7 /* CartrawlerAPI.framework */; };
		451B9A411D0023F1001D07A7 /* LocaleUtils.m in Sources */ = {isa = PBXBuildFile; fileRef = 451B9A401D0023F1001D07A7 /* LocaleUtils.m */; };
		451B9A441D00285F001D07A7 /* CTImageCache.m in Sources */ = {isa = PBXBuildFile; fileRef = 451B9A431D00285F001D07A7 /* CTImageCache.m */; };
		451B9A471D002E62001D07A7 /* CTVehicleSelectionView.m in Sources */ = {isa = PBXBuildFile; fileRef = 451B9A461D002E62001D07A7 /* CTVehicleSelectionView.m */; };
		451B9A4A1D002E83001D07A7 /* CTVehicleSelectionViewModel.m in Sources */ = {isa = PBXBuildFile; fileRef = 451B9A491D002E83001D07A7 /* CTVehicleSelectionViewModel.m */; };
		451B9A4D1D0044E7001D07A7 /* CTPlaceholderView.m in Sources */ = {isa = PBXBuildFile; fileRef = 451B9A4C1D0044E7001D07A7 /* CTPlaceholderView.m */; };
		451B9A5E1D018D36001D07A7 /* JVFloatLabeledTextField.m in Sources */ = {isa = PBXBuildFile; fileRef = 451B9A5B1D018D36001D07A7 /* JVFloatLabeledTextField.m */; };
		451B9A5F1D018D36001D07A7 /* NSString+TextDirectionality.m in Sources */ = {isa = PBXBuildFile; fileRef = 451B9A5D1D018D36001D07A7 /* NSString+TextDirectionality.m */; };
		451B9A6D1D01934F001D07A7 /* GLCalendarDateRange.m in Sources */ = {isa = PBXBuildFile; fileRef = 451B9A631D01934F001D07A7 /* GLCalendarDateRange.m */; };
		451B9A6F1D01934F001D07A7 /* GLCalendarMonthCoverView.m in Sources */ = {isa = PBXBuildFile; fileRef = 451B9A661D01934F001D07A7 /* GLCalendarMonthCoverView.m */; };
		451B9A701D01934F001D07A7 /* GLCalendarView.m in Sources */ = {isa = PBXBuildFile; fileRef = 451B9A681D01934F001D07A7 /* GLCalendarView.m */; };
		451B9A711D01934F001D07A7 /* GLCalendarView.xib in Resources */ = {isa = PBXBuildFile; fileRef = 451B9A691D01934F001D07A7 /* GLCalendarView.xib */; };
		451B9A721D01934F001D07A7 /* GLDateUtils.m in Sources */ = {isa = PBXBuildFile; fileRef = 451B9A6B1D01934F001D07A7 /* GLDateUtils.m */; };
		451B9A811D0194FA001D07A7 /* GLCalendarDayCell.m in Sources */ = {isa = PBXBuildFile; fileRef = 451B9A7D1D0194FA001D07A7 /* GLCalendarDayCell.m */; };
		451B9A821D0194FA001D07A7 /* GLCalendarDayCell.xib in Resources */ = {isa = PBXBuildFile; fileRef = 451B9A7E1D0194FA001D07A7 /* GLCalendarDayCell.xib */; };
		451B9A831D0194FA001D07A7 /* GLCalendarDayCellBackgroundCover.m in Sources */ = {isa = PBXBuildFile; fileRef = 451B9A801D0194FA001D07A7 /* GLCalendarDayCellBackgroundCover.m */; };
		451B9A891D019585001D07A7 /* gl-calendar-magnify-glass.png in Resources */ = {isa = PBXBuildFile; fileRef = 451B9A841D019585001D07A7 /* gl-calendar-magnify-glass.png */; };
		451B9A8A1D019585001D07A7 /* gl-calendar-magnify-glass@2x.png in Resources */ = {isa = PBXBuildFile; fileRef = 451B9A851D019585001D07A7 /* gl-calendar-magnify-glass@2x.png */; };
		451B9A8B1D019585001D07A7 /* gl-calendar-shadow.png in Resources */ = {isa = PBXBuildFile; fileRef = 451B9A861D019585001D07A7 /* gl-calendar-shadow.png */; };
		451B9A8C1D019585001D07A7 /* gl-calendar-shadow@2x.png in Resources */ = {isa = PBXBuildFile; fileRef = 451B9A871D019585001D07A7 /* gl-calendar-shadow@2x.png */; };
		451B9A8D1D019585001D07A7 /* gl-calendar-shadow@3x.png in Resources */ = {isa = PBXBuildFile; fileRef = 451B9A881D019585001D07A7 /* gl-calendar-shadow@3x.png */; };
		451B9A921D019DCB001D07A7 /* CTSelectView.m in Sources */ = {isa = PBXBuildFile; fileRef = 451B9A911D019DCB001D07A7 /* CTSelectView.m */; };
		451B9A981D01D912001D07A7 /* SearchDetailsViewController.m in Sources */ = {isa = PBXBuildFile; fileRef = 451B9A971D01D912001D07A7 /* SearchDetailsViewController.m */; };
		451B9A9D1D06D700001D07A7 /* CTCheckbox.m in Sources */ = {isa = PBXBuildFile; fileRef = 451B9A9C1D06D700001D07A7 /* CTCheckbox.m */; };
		451B9AA11D06DDFB001D07A7 /* CTButton.m in Sources */ = {isa = PBXBuildFile; fileRef = 451B9AA01D06DDFB001D07A7 /* CTButton.m */; };
		451B9AA41D081621001D07A7 /* LocationSearchViewController.m in Sources */ = {isa = PBXBuildFile; fileRef = 451B9AA31D081621001D07A7 /* LocationSearchViewController.m */; };
		451B9AA81D081BAB001D07A7 /* LocationSearchDataSource.m in Sources */ = {isa = PBXBuildFile; fileRef = 451B9AA71D081BAB001D07A7 /* LocationSearchDataSource.m */; };
		451B9AAC1D082D63001D07A7 /* CTLabel.m in Sources */ = {isa = PBXBuildFile; fileRef = 451B9AAB1D082D63001D07A7 /* CTLabel.m */; };
		451B9AB01D0859AC001D07A7 /* CalendarViewController.m in Sources */ = {isa = PBXBuildFile; fileRef = 451B9AAF1D0859AC001D07A7 /* CalendarViewController.m */; };
		453F38CD1D095557009630FB /* CTCalendarViewController.m in Sources */ = {isa = PBXBuildFile; fileRef = 453F38CC1D095557009630FB /* CTCalendarViewController.m */; };
		453F38D31D095634009630FB /* CTCalendarTableViewCell.m in Sources */ = {isa = PBXBuildFile; fileRef = 453F38D21D095634009630FB /* CTCalendarTableViewCell.m */; };
		453F38D61D096BE2009630FB /* CTDateCollectionViewCell.m in Sources */ = {isa = PBXBuildFile; fileRef = 453F38D51D096BE2009630FB /* CTDateCollectionViewCell.m */; };
		453F38D91D09AF1D009630FB /* CalendarLogicController.m in Sources */ = {isa = PBXBuildFile; fileRef = 453F38D81D09AF1D009630FB /* CalendarLogicController.m */; };
		453F38DF1D09CD15009630FB /* CTMiddleDateCell.m in Sources */ = {isa = PBXBuildFile; fileRef = 453F38DE1D09CD15009630FB /* CTMiddleDateCell.m */; };
/* End PBXBuildFile section */

/* Begin PBXContainerItemProxy section */
		451B9A1C1D001E8E001D07A7 /* PBXContainerItemProxy */ = {
			isa = PBXContainerItemProxy;
			containerPortal = 451B99FA1D001E8E001D07A7 /* Project object */;
			proxyType = 1;
			remoteGlobalIDString = 451B9A011D001E8E001D07A7;
			remoteInfo = CartrawlerUIFramework;
		};
		451B9A271D001E8E001D07A7 /* PBXContainerItemProxy */ = {
			isa = PBXContainerItemProxy;
			containerPortal = 451B99FA1D001E8E001D07A7 /* Project object */;
			proxyType = 1;
			remoteGlobalIDString = 451B9A011D001E8E001D07A7;
			remoteInfo = CartrawlerUIFramework;
		};
/* End PBXContainerItemProxy section */

/* Begin PBXFileReference section */
		451B9A021D001E8E001D07A7 /* CartrawlerUIFramework.app */ = {isa = PBXFileReference; explicitFileType = wrapper.application; includeInIndex = 0; path = CartrawlerUIFramework.app; sourceTree = BUILT_PRODUCTS_DIR; };
		451B9A061D001E8E001D07A7 /* main.m */ = {isa = PBXFileReference; lastKnownFileType = sourcecode.c.objc; path = main.m; sourceTree = "<group>"; };
		451B9A081D001E8E001D07A7 /* AppDelegate.h */ = {isa = PBXFileReference; lastKnownFileType = sourcecode.c.h; path = AppDelegate.h; sourceTree = "<group>"; };
		451B9A091D001E8E001D07A7 /* AppDelegate.m */ = {isa = PBXFileReference; lastKnownFileType = sourcecode.c.objc; path = AppDelegate.m; sourceTree = "<group>"; };
		451B9A0B1D001E8E001D07A7 /* ViewController.h */ = {isa = PBXFileReference; lastKnownFileType = sourcecode.c.h; path = ViewController.h; sourceTree = "<group>"; };
		451B9A0C1D001E8E001D07A7 /* ViewController.m */ = {isa = PBXFileReference; lastKnownFileType = sourcecode.c.objc; path = ViewController.m; sourceTree = "<group>"; };
		451B9A0F1D001E8E001D07A7 /* Base */ = {isa = PBXFileReference; lastKnownFileType = file.storyboard; name = Base; path = Base.lproj/Main.storyboard; sourceTree = "<group>"; };
		451B9A111D001E8E001D07A7 /* Assets.xcassets */ = {isa = PBXFileReference; lastKnownFileType = folder.assetcatalog; path = Assets.xcassets; sourceTree = "<group>"; };
		451B9A141D001E8E001D07A7 /* Base */ = {isa = PBXFileReference; lastKnownFileType = file.storyboard; name = Base; path = Base.lproj/LaunchScreen.storyboard; sourceTree = "<group>"; };
		451B9A161D001E8E001D07A7 /* Info.plist */ = {isa = PBXFileReference; lastKnownFileType = text.plist.xml; path = Info.plist; sourceTree = "<group>"; };
		451B9A1B1D001E8E001D07A7 /* CartrawlerUIFrameworkTests.xctest */ = {isa = PBXFileReference; explicitFileType = wrapper.cfbundle; includeInIndex = 0; path = CartrawlerUIFrameworkTests.xctest; sourceTree = BUILT_PRODUCTS_DIR; };
		451B9A1F1D001E8E001D07A7 /* CartrawlerUIFrameworkTests.m */ = {isa = PBXFileReference; lastKnownFileType = sourcecode.c.objc; path = CartrawlerUIFrameworkTests.m; sourceTree = "<group>"; };
		451B9A211D001E8E001D07A7 /* Info.plist */ = {isa = PBXFileReference; lastKnownFileType = text.plist.xml; path = Info.plist; sourceTree = "<group>"; };
		451B9A261D001E8E001D07A7 /* CartrawlerUIFrameworkUITests.xctest */ = {isa = PBXFileReference; explicitFileType = wrapper.cfbundle; includeInIndex = 0; path = CartrawlerUIFrameworkUITests.xctest; sourceTree = BUILT_PRODUCTS_DIR; };
		451B9A2A1D001E8E001D07A7 /* CartrawlerUIFrameworkUITests.m */ = {isa = PBXFileReference; lastKnownFileType = sourcecode.c.objc; path = CartrawlerUIFrameworkUITests.m; sourceTree = "<group>"; };
		451B9A2C1D001E8E001D07A7 /* Info.plist */ = {isa = PBXFileReference; lastKnownFileType = text.plist.xml; path = Info.plist; sourceTree = "<group>"; };
		451B9A381D002093001D07A7 /* VehicleTableViewCell_iPhone.xib */ = {isa = PBXFileReference; fileEncoding = 4; lastKnownFileType = file.xib; path = VehicleTableViewCell_iPhone.xib; sourceTree = "<group>"; };
		451B9A3A1D002133001D07A7 /* VehicleTableViewCell.h */ = {isa = PBXFileReference; fileEncoding = 4; lastKnownFileType = sourcecode.c.h; path = VehicleTableViewCell.h; sourceTree = "<group>"; };
		451B9A3B1D002133001D07A7 /* VehicleTableViewCell.m */ = {isa = PBXFileReference; fileEncoding = 4; lastKnownFileType = sourcecode.c.objc; path = VehicleTableViewCell.m; sourceTree = "<group>"; };
		451B9A3D1D00226F001D07A7 /* CartrawlerAPI.framework */ = {isa = PBXFileReference; lastKnownFileType = wrapper.framework; path = CartrawlerAPI.framework; sourceTree = "<group>"; };
		451B9A3F1D0023F1001D07A7 /* LocaleUtils.h */ = {isa = PBXFileReference; fileEncoding = 4; lastKnownFileType = sourcecode.c.h; path = LocaleUtils.h; sourceTree = "<group>"; };
		451B9A401D0023F1001D07A7 /* LocaleUtils.m */ = {isa = PBXFileReference; fileEncoding = 4; lastKnownFileType = sourcecode.c.objc; path = LocaleUtils.m; sourceTree = "<group>"; };
		451B9A421D00285F001D07A7 /* CTImageCache.h */ = {isa = PBXFileReference; fileEncoding = 4; lastKnownFileType = sourcecode.c.h; path = CTImageCache.h; sourceTree = "<group>"; };
		451B9A431D00285F001D07A7 /* CTImageCache.m */ = {isa = PBXFileReference; fileEncoding = 4; lastKnownFileType = sourcecode.c.objc; path = CTImageCache.m; sourceTree = "<group>"; };
		451B9A451D002E62001D07A7 /* CTVehicleSelectionView.h */ = {isa = PBXFileReference; fileEncoding = 4; lastKnownFileType = sourcecode.c.h; path = CTVehicleSelectionView.h; sourceTree = "<group>"; };
		451B9A461D002E62001D07A7 /* CTVehicleSelectionView.m */ = {isa = PBXFileReference; fileEncoding = 4; lastKnownFileType = sourcecode.c.objc; path = CTVehicleSelectionView.m; sourceTree = "<group>"; };
		451B9A481D002E83001D07A7 /* CTVehicleSelectionViewModel.h */ = {isa = PBXFileReference; fileEncoding = 4; lastKnownFileType = sourcecode.c.h; path = CTVehicleSelectionViewModel.h; sourceTree = "<group>"; };
		451B9A491D002E83001D07A7 /* CTVehicleSelectionViewModel.m */ = {isa = PBXFileReference; fileEncoding = 4; lastKnownFileType = sourcecode.c.objc; path = CTVehicleSelectionViewModel.m; sourceTree = "<group>"; };
		451B9A4B1D0044E7001D07A7 /* CTPlaceholderView.h */ = {isa = PBXFileReference; fileEncoding = 4; lastKnownFileType = sourcecode.c.h; path = CTPlaceholderView.h; sourceTree = "<group>"; };
		451B9A4C1D0044E7001D07A7 /* CTPlaceholderView.m */ = {isa = PBXFileReference; fileEncoding = 4; lastKnownFileType = sourcecode.c.objc; path = CTPlaceholderView.m; sourceTree = "<group>"; };
		451B9A5A1D018D36001D07A7 /* JVFloatLabeledTextField.h */ = {isa = PBXFileReference; fileEncoding = 4; lastKnownFileType = sourcecode.c.h; path = JVFloatLabeledTextField.h; sourceTree = "<group>"; };
		451B9A5B1D018D36001D07A7 /* JVFloatLabeledTextField.m */ = {isa = PBXFileReference; fileEncoding = 4; lastKnownFileType = sourcecode.c.objc; path = JVFloatLabeledTextField.m; sourceTree = "<group>"; };
		451B9A5C1D018D36001D07A7 /* NSString+TextDirectionality.h */ = {isa = PBXFileReference; fileEncoding = 4; lastKnownFileType = sourcecode.c.h; path = "NSString+TextDirectionality.h"; sourceTree = "<group>"; };
		451B9A5D1D018D36001D07A7 /* NSString+TextDirectionality.m */ = {isa = PBXFileReference; fileEncoding = 4; lastKnownFileType = sourcecode.c.objc; path = "NSString+TextDirectionality.m"; sourceTree = "<group>"; };
		451B9A621D01934F001D07A7 /* GLCalendarDateRange.h */ = {isa = PBXFileReference; fileEncoding = 4; lastKnownFileType = sourcecode.c.h; path = GLCalendarDateRange.h; sourceTree = "<group>"; };
		451B9A631D01934F001D07A7 /* GLCalendarDateRange.m */ = {isa = PBXFileReference; fileEncoding = 4; lastKnownFileType = sourcecode.c.objc; path = GLCalendarDateRange.m; sourceTree = "<group>"; };
		451B9A651D01934F001D07A7 /* GLCalendarMonthCoverView.h */ = {isa = PBXFileReference; fileEncoding = 4; lastKnownFileType = sourcecode.c.h; path = GLCalendarMonthCoverView.h; sourceTree = "<group>"; };
		451B9A661D01934F001D07A7 /* GLCalendarMonthCoverView.m */ = {isa = PBXFileReference; fileEncoding = 4; lastKnownFileType = sourcecode.c.objc; path = GLCalendarMonthCoverView.m; sourceTree = "<group>"; };
		451B9A671D01934F001D07A7 /* GLCalendarView.h */ = {isa = PBXFileReference; fileEncoding = 4; lastKnownFileType = sourcecode.c.h; path = GLCalendarView.h; sourceTree = "<group>"; };
		451B9A681D01934F001D07A7 /* GLCalendarView.m */ = {isa = PBXFileReference; fileEncoding = 4; lastKnownFileType = sourcecode.c.objc; path = GLCalendarView.m; sourceTree = "<group>"; };
		451B9A691D01934F001D07A7 /* GLCalendarView.xib */ = {isa = PBXFileReference; fileEncoding = 4; lastKnownFileType = file.xib; path = GLCalendarView.xib; sourceTree = "<group>"; };
		451B9A6A1D01934F001D07A7 /* GLDateUtils.h */ = {isa = PBXFileReference; fileEncoding = 4; lastKnownFileType = sourcecode.c.h; path = GLDateUtils.h; sourceTree = "<group>"; };
		451B9A6B1D01934F001D07A7 /* GLDateUtils.m */ = {isa = PBXFileReference; fileEncoding = 4; lastKnownFileType = sourcecode.c.objc; path = GLDateUtils.m; sourceTree = "<group>"; };
		451B9A7C1D0194FA001D07A7 /* GLCalendarDayCell.h */ = {isa = PBXFileReference; fileEncoding = 4; lastKnownFileType = sourcecode.c.h; path = GLCalendarDayCell.h; sourceTree = "<group>"; };
		451B9A7D1D0194FA001D07A7 /* GLCalendarDayCell.m */ = {isa = PBXFileReference; fileEncoding = 4; lastKnownFileType = sourcecode.c.objc; path = GLCalendarDayCell.m; sourceTree = "<group>"; };
		451B9A7E1D0194FA001D07A7 /* GLCalendarDayCell.xib */ = {isa = PBXFileReference; fileEncoding = 4; lastKnownFileType = file.xib; path = GLCalendarDayCell.xib; sourceTree = "<group>"; };
		451B9A7F1D0194FA001D07A7 /* GLCalendarDayCellBackgroundCover.h */ = {isa = PBXFileReference; fileEncoding = 4; lastKnownFileType = sourcecode.c.h; path = GLCalendarDayCellBackgroundCover.h; sourceTree = "<group>"; };
		451B9A801D0194FA001D07A7 /* GLCalendarDayCellBackgroundCover.m */ = {isa = PBXFileReference; fileEncoding = 4; lastKnownFileType = sourcecode.c.objc; path = GLCalendarDayCellBackgroundCover.m; sourceTree = "<group>"; };
		451B9A841D019585001D07A7 /* gl-calendar-magnify-glass.png */ = {isa = PBXFileReference; lastKnownFileType = image.png; name = "gl-calendar-magnify-glass.png"; path = "Images/gl-calendar-magnify-glass.png"; sourceTree = "<group>"; };
		451B9A851D019585001D07A7 /* gl-calendar-magnify-glass@2x.png */ = {isa = PBXFileReference; lastKnownFileType = image.png; name = "gl-calendar-magnify-glass@2x.png"; path = "Images/gl-calendar-magnify-glass@2x.png"; sourceTree = "<group>"; };
		451B9A861D019585001D07A7 /* gl-calendar-shadow.png */ = {isa = PBXFileReference; lastKnownFileType = image.png; name = "gl-calendar-shadow.png"; path = "Images/gl-calendar-shadow.png"; sourceTree = "<group>"; };
		451B9A871D019585001D07A7 /* gl-calendar-shadow@2x.png */ = {isa = PBXFileReference; lastKnownFileType = image.png; name = "gl-calendar-shadow@2x.png"; path = "Images/gl-calendar-shadow@2x.png"; sourceTree = "<group>"; };
		451B9A881D019585001D07A7 /* gl-calendar-shadow@3x.png */ = {isa = PBXFileReference; lastKnownFileType = image.png; name = "gl-calendar-shadow@3x.png"; path = "Images/gl-calendar-shadow@3x.png"; sourceTree = "<group>"; };
		451B9A901D019DCB001D07A7 /* CTSelectView.h */ = {isa = PBXFileReference; fileEncoding = 4; lastKnownFileType = sourcecode.c.h; path = CTSelectView.h; sourceTree = "<group>"; };
		451B9A911D019DCB001D07A7 /* CTSelectView.m */ = {isa = PBXFileReference; fileEncoding = 4; lastKnownFileType = sourcecode.c.objc; path = CTSelectView.m; sourceTree = "<group>"; };
		451B9A961D01D912001D07A7 /* SearchDetailsViewController.h */ = {isa = PBXFileReference; fileEncoding = 4; lastKnownFileType = sourcecode.c.h; path = SearchDetailsViewController.h; sourceTree = "<group>"; };
		451B9A971D01D912001D07A7 /* SearchDetailsViewController.m */ = {isa = PBXFileReference; fileEncoding = 4; lastKnownFileType = sourcecode.c.objc; path = SearchDetailsViewController.m; sourceTree = "<group>"; };
		451B9A9B1D06D700001D07A7 /* CTCheckbox.h */ = {isa = PBXFileReference; fileEncoding = 4; lastKnownFileType = sourcecode.c.h; path = CTCheckbox.h; sourceTree = "<group>"; };
		451B9A9C1D06D700001D07A7 /* CTCheckbox.m */ = {isa = PBXFileReference; fileEncoding = 4; lastKnownFileType = sourcecode.c.objc; path = CTCheckbox.m; sourceTree = "<group>"; };
		451B9A9F1D06DDFB001D07A7 /* CTButton.h */ = {isa = PBXFileReference; fileEncoding = 4; lastKnownFileType = sourcecode.c.h; path = CTButton.h; sourceTree = "<group>"; };
		451B9AA01D06DDFB001D07A7 /* CTButton.m */ = {isa = PBXFileReference; fileEncoding = 4; lastKnownFileType = sourcecode.c.objc; path = CTButton.m; sourceTree = "<group>"; };
		451B9AA21D081621001D07A7 /* LocationSearchViewController.h */ = {isa = PBXFileReference; fileEncoding = 4; lastKnownFileType = sourcecode.c.h; path = LocationSearchViewController.h; sourceTree = "<group>"; };
		451B9AA31D081621001D07A7 /* LocationSearchViewController.m */ = {isa = PBXFileReference; fileEncoding = 4; lastKnownFileType = sourcecode.c.objc; path = LocationSearchViewController.m; sourceTree = "<group>"; };
		451B9AA61D081BAB001D07A7 /* LocationSearchDataSource.h */ = {isa = PBXFileReference; fileEncoding = 4; lastKnownFileType = sourcecode.c.h; path = LocationSearchDataSource.h; sourceTree = "<group>"; };
		451B9AA71D081BAB001D07A7 /* LocationSearchDataSource.m */ = {isa = PBXFileReference; fileEncoding = 4; lastKnownFileType = sourcecode.c.objc; path = LocationSearchDataSource.m; sourceTree = "<group>"; };
		451B9AAA1D082D63001D07A7 /* CTLabel.h */ = {isa = PBXFileReference; fileEncoding = 4; lastKnownFileType = sourcecode.c.h; path = CTLabel.h; sourceTree = "<group>"; };
		451B9AAB1D082D63001D07A7 /* CTLabel.m */ = {isa = PBXFileReference; fileEncoding = 4; lastKnownFileType = sourcecode.c.objc; path = CTLabel.m; sourceTree = "<group>"; };
		451B9AAE1D0859AC001D07A7 /* CalendarViewController.h */ = {isa = PBXFileReference; fileEncoding = 4; lastKnownFileType = sourcecode.c.h; path = CalendarViewController.h; sourceTree = "<group>"; };
		451B9AAF1D0859AC001D07A7 /* CalendarViewController.m */ = {isa = PBXFileReference; fileEncoding = 4; lastKnownFileType = sourcecode.c.objc; path = CalendarViewController.m; sourceTree = "<group>"; };
		453F38CB1D095557009630FB /* CTCalendarViewController.h */ = {isa = PBXFileReference; fileEncoding = 4; lastKnownFileType = sourcecode.c.h; path = CTCalendarViewController.h; sourceTree = "<group>"; };
		453F38CC1D095557009630FB /* CTCalendarViewController.m */ = {isa = PBXFileReference; fileEncoding = 4; lastKnownFileType = sourcecode.c.objc; path = CTCalendarViewController.m; sourceTree = "<group>"; };
		453F38D11D095634009630FB /* CTCalendarTableViewCell.h */ = {isa = PBXFileReference; fileEncoding = 4; lastKnownFileType = sourcecode.c.h; path = CTCalendarTableViewCell.h; sourceTree = "<group>"; };
		453F38D21D095634009630FB /* CTCalendarTableViewCell.m */ = {isa = PBXFileReference; fileEncoding = 4; lastKnownFileType = sourcecode.c.objc; path = CTCalendarTableViewCell.m; sourceTree = "<group>"; };
		453F38D41D096BE2009630FB /* CTDateCollectionViewCell.h */ = {isa = PBXFileReference; fileEncoding = 4; lastKnownFileType = sourcecode.c.h; path = CTDateCollectionViewCell.h; sourceTree = "<group>"; };
		453F38D51D096BE2009630FB /* CTDateCollectionViewCell.m */ = {isa = PBXFileReference; fileEncoding = 4; lastKnownFileType = sourcecode.c.objc; path = CTDateCollectionViewCell.m; sourceTree = "<group>"; };
		453F38D71D09AF1D009630FB /* CalendarLogicController.h */ = {isa = PBXFileReference; fileEncoding = 4; lastKnownFileType = sourcecode.c.h; path = CalendarLogicController.h; sourceTree = "<group>"; };
		453F38D81D09AF1D009630FB /* CalendarLogicController.m */ = {isa = PBXFileReference; fileEncoding = 4; lastKnownFileType = sourcecode.c.objc; path = CalendarLogicController.m; sourceTree = "<group>"; };
		453F38DD1D09CD15009630FB /* CTMiddleDateCell.h */ = {isa = PBXFileReference; fileEncoding = 4; lastKnownFileType = sourcecode.c.h; path = CTMiddleDateCell.h; sourceTree = "<group>"; };
		453F38DE1D09CD15009630FB /* CTMiddleDateCell.m */ = {isa = PBXFileReference; fileEncoding = 4; lastKnownFileType = sourcecode.c.objc; path = CTMiddleDateCell.m; sourceTree = "<group>"; };
/* End PBXFileReference section */

/* Begin PBXFrameworksBuildPhase section */
		451B99FF1D001E8E001D07A7 /* Frameworks */ = {
			isa = PBXFrameworksBuildPhase;
			buildActionMask = 2147483647;
			files = (
				451B9A3E1D00226F001D07A7 /* CartrawlerAPI.framework in Frameworks */,
			);
			runOnlyForDeploymentPostprocessing = 0;
		};
		451B9A181D001E8E001D07A7 /* Frameworks */ = {
			isa = PBXFrameworksBuildPhase;
			buildActionMask = 2147483647;
			files = (
			);
			runOnlyForDeploymentPostprocessing = 0;
		};
		451B9A231D001E8E001D07A7 /* Frameworks */ = {
			isa = PBXFrameworksBuildPhase;
			buildActionMask = 2147483647;
			files = (
			);
			runOnlyForDeploymentPostprocessing = 0;
		};
/* End PBXFrameworksBuildPhase section */

/* Begin PBXGroup section */
		451B99F91D001E8E001D07A7 = {
			isa = PBXGroup;
			children = (
				451B9A041D001E8E001D07A7 /* CartrawlerUIFramework */,
				451B9A1E1D001E8E001D07A7 /* CartrawlerUIFrameworkTests */,
				451B9A291D001E8E001D07A7 /* CartrawlerUIFrameworkUITests */,
				451B9A031D001E8E001D07A7 /* Products */,
			);
			sourceTree = "<group>";
		};
		451B9A031D001E8E001D07A7 /* Products */ = {
			isa = PBXGroup;
			children = (
				451B9A021D001E8E001D07A7 /* CartrawlerUIFramework.app */,
				451B9A1B1D001E8E001D07A7 /* CartrawlerUIFrameworkTests.xctest */,
				451B9A261D001E8E001D07A7 /* CartrawlerUIFrameworkUITests.xctest */,
			);
			name = Products;
			sourceTree = "<group>";
		};
		451B9A041D001E8E001D07A7 /* CartrawlerUIFramework */ = {
			isa = PBXGroup;
			children = (
				451B9A8F1D019CE5001D07A7 /* Search Results */,
				451B9A8E1D019CD2001D07A7 /* Search */,
				451B9A3D1D00226F001D07A7 /* CartrawlerAPI.framework */,
				451B9A081D001E8E001D07A7 /* AppDelegate.h */,
				451B9A091D001E8E001D07A7 /* AppDelegate.m */,
				451B9A0B1D001E8E001D07A7 /* ViewController.h */,
				451B9A0C1D001E8E001D07A7 /* ViewController.m */,
				451B9A3A1D002133001D07A7 /* VehicleTableViewCell.h */,
				451B9A3B1D002133001D07A7 /* VehicleTableViewCell.m */,
				451B9A0E1D001E8E001D07A7 /* Main.storyboard */,
				451B9A381D002093001D07A7 /* VehicleTableViewCell_iPhone.xib */,
				451B9A111D001E8E001D07A7 /* Assets.xcassets */,
				451B9A131D001E8E001D07A7 /* LaunchScreen.storyboard */,
				451B9A161D001E8E001D07A7 /* Info.plist */,
				451B9A051D001E8E001D07A7 /* Supporting Files */,
				451B9A3F1D0023F1001D07A7 /* LocaleUtils.h */,
				451B9A401D0023F1001D07A7 /* LocaleUtils.m */,
				451B9A421D00285F001D07A7 /* CTImageCache.h */,
				451B9A431D00285F001D07A7 /* CTImageCache.m */,
				451B9A4B1D0044E7001D07A7 /* CTPlaceholderView.h */,
				451B9A4C1D0044E7001D07A7 /* CTPlaceholderView.m */,
				451B9A991D06D6B7001D07A7 /* UI */,
				451B9A611D01930A001D07A7 /* Calender */,
				451B9A601D018D3A001D07A7 /* Text Field */,
			);
			path = CartrawlerUIFramework;
			sourceTree = "<group>";
		};
		451B9A051D001E8E001D07A7 /* Supporting Files */ = {
			isa = PBXGroup;
			children = (
				451B9A061D001E8E001D07A7 /* main.m */,
			);
			name = "Supporting Files";
			sourceTree = "<group>";
		};
		451B9A1E1D001E8E001D07A7 /* CartrawlerUIFrameworkTests */ = {
			isa = PBXGroup;
			children = (
				451B9A1F1D001E8E001D07A7 /* CartrawlerUIFrameworkTests.m */,
				451B9A211D001E8E001D07A7 /* Info.plist */,
			);
			path = CartrawlerUIFrameworkTests;
			sourceTree = "<group>";
		};
		451B9A291D001E8E001D07A7 /* CartrawlerUIFrameworkUITests */ = {
			isa = PBXGroup;
			children = (
				451B9A2A1D001E8E001D07A7 /* CartrawlerUIFrameworkUITests.m */,
				451B9A2C1D001E8E001D07A7 /* Info.plist */,
			);
			path = CartrawlerUIFrameworkUITests;
			sourceTree = "<group>";
		};
		451B9A601D018D3A001D07A7 /* Text Field */ = {
			isa = PBXGroup;
			children = (
				451B9A5A1D018D36001D07A7 /* JVFloatLabeledTextField.h */,
				451B9A5B1D018D36001D07A7 /* JVFloatLabeledTextField.m */,
				451B9A5C1D018D36001D07A7 /* NSString+TextDirectionality.h */,
				451B9A5D1D018D36001D07A7 /* NSString+TextDirectionality.m */,
			);
			name = "Text Field";
			sourceTree = "<group>";
		};
		451B9A611D01930A001D07A7 /* Calender */ = {
			isa = PBXGroup;
			children = (
				451B9A621D01934F001D07A7 /* GLCalendarDateRange.h */,
				451B9A631D01934F001D07A7 /* GLCalendarDateRange.m */,
				451B9A7C1D0194FA001D07A7 /* GLCalendarDayCell.h */,
				451B9A7D1D0194FA001D07A7 /* GLCalendarDayCell.m */,
				451B9A7E1D0194FA001D07A7 /* GLCalendarDayCell.xib */,
				451B9A7F1D0194FA001D07A7 /* GLCalendarDayCellBackgroundCover.h */,
				451B9A801D0194FA001D07A7 /* GLCalendarDayCellBackgroundCover.m */,
				451B9A651D01934F001D07A7 /* GLCalendarMonthCoverView.h */,
				451B9A661D01934F001D07A7 /* GLCalendarMonthCoverView.m */,
				451B9A671D01934F001D07A7 /* GLCalendarView.h */,
				451B9A681D01934F001D07A7 /* GLCalendarView.m */,
				451B9A691D01934F001D07A7 /* GLCalendarView.xib */,
				451B9A6A1D01934F001D07A7 /* GLDateUtils.h */,
				451B9A6B1D01934F001D07A7 /* GLDateUtils.m */,
				451B9A841D019585001D07A7 /* gl-calendar-magnify-glass.png */,
				451B9A851D019585001D07A7 /* gl-calendar-magnify-glass@2x.png */,
				451B9A861D019585001D07A7 /* gl-calendar-shadow.png */,
				451B9A871D019585001D07A7 /* gl-calendar-shadow@2x.png */,
				451B9A881D019585001D07A7 /* gl-calendar-shadow@3x.png */,
			);
			name = Calender;
			sourceTree = "<group>";
		};
		451B9A8E1D019CD2001D07A7 /* Search */ = {
			isa = PBXGroup;
			children = (
				451B9AAD1D08588C001D07A7 /* Calendar VC */,
				451B9A931D019F1C001D07A7 /* CT Select View */,
				451B9A961D01D912001D07A7 /* SearchDetailsViewController.h */,
				451B9A971D01D912001D07A7 /* SearchDetailsViewController.m */,
				451B9AA51D081B88001D07A7 /* Location search view */,
			);
			name = Search;
			sourceTree = "<group>";
		};
		451B9A8F1D019CE5001D07A7 /* Search Results */ = {
			isa = PBXGroup;
			children = (
				451B9A451D002E62001D07A7 /* CTVehicleSelectionView.h */,
				451B9A461D002E62001D07A7 /* CTVehicleSelectionView.m */,
				451B9A481D002E83001D07A7 /* CTVehicleSelectionViewModel.h */,
				451B9A491D002E83001D07A7 /* CTVehicleSelectionViewModel.m */,
			);
			name = "Search Results";
			sourceTree = "<group>";
		};
		451B9A931D019F1C001D07A7 /* CT Select View */ = {
			isa = PBXGroup;
			children = (
				451B9A901D019DCB001D07A7 /* CTSelectView.h */,
				451B9A911D019DCB001D07A7 /* CTSelectView.m */,
			);
			name = "CT Select View";
			sourceTree = "<group>";
		};
		451B9A991D06D6B7001D07A7 /* UI */ = {
			isa = PBXGroup;
			children = (
				451B9AA91D082D54001D07A7 /* UILabel */,
				451B9A9E1D06DDEC001D07A7 /* Buttons */,
				451B9A9A1D06D6CB001D07A7 /* Checkbox */,
			);
			name = UI;
			sourceTree = "<group>";
		};
		451B9A9A1D06D6CB001D07A7 /* Checkbox */ = {
			isa = PBXGroup;
			children = (
				451B9A9B1D06D700001D07A7 /* CTCheckbox.h */,
				451B9A9C1D06D700001D07A7 /* CTCheckbox.m */,
			);
			name = Checkbox;
			sourceTree = "<group>";
		};
		451B9A9E1D06DDEC001D07A7 /* Buttons */ = {
			isa = PBXGroup;
			children = (
				451B9A9F1D06DDFB001D07A7 /* CTButton.h */,
				451B9AA01D06DDFB001D07A7 /* CTButton.m */,
			);
			name = Buttons;
			sourceTree = "<group>";
		};
		451B9AA51D081B88001D07A7 /* Location search view */ = {
			isa = PBXGroup;
			children = (
				451B9AA21D081621001D07A7 /* LocationSearchViewController.h */,
				451B9AA31D081621001D07A7 /* LocationSearchViewController.m */,
				451B9AA61D081BAB001D07A7 /* LocationSearchDataSource.h */,
				451B9AA71D081BAB001D07A7 /* LocationSearchDataSource.m */,
			);
			name = "Location search view";
			sourceTree = "<group>";
		};
		451B9AA91D082D54001D07A7 /* UILabel */ = {
			isa = PBXGroup;
			children = (
				451B9AAA1D082D63001D07A7 /* CTLabel.h */,
				451B9AAB1D082D63001D07A7 /* CTLabel.m */,
			);
			name = UILabel;
			sourceTree = "<group>";
		};
		451B9AAD1D08588C001D07A7 /* Calendar VC */ = {
			isa = PBXGroup;
			children = (
				451B9AAE1D0859AC001D07A7 /* CalendarViewController.h */,
				451B9AAF1D0859AC001D07A7 /* CalendarViewController.m */,
				453F38CB1D095557009630FB /* CTCalendarViewController.h */,
				453F38CC1D095557009630FB /* CTCalendarViewController.m */,
				453F38D11D095634009630FB /* CTCalendarTableViewCell.h */,
				453F38D21D095634009630FB /* CTCalendarTableViewCell.m */,
				453F38D41D096BE2009630FB /* CTDateCollectionViewCell.h */,
				453F38D51D096BE2009630FB /* CTDateCollectionViewCell.m */,
				453F38D71D09AF1D009630FB /* CalendarLogicController.h */,
				453F38D81D09AF1D009630FB /* CalendarLogicController.m */,
				453F38DD1D09CD15009630FB /* CTMiddleDateCell.h */,
				453F38DE1D09CD15009630FB /* CTMiddleDateCell.m */,
			);
			name = "Calendar VC";
			sourceTree = "<group>";
		};
/* End PBXGroup section */

/* Begin PBXNativeTarget section */
		451B9A011D001E8E001D07A7 /* CartrawlerUIFramework */ = {
			isa = PBXNativeTarget;
			buildConfigurationList = 451B9A2F1D001E8E001D07A7 /* Build configuration list for PBXNativeTarget "CartrawlerUIFramework" */;
			buildPhases = (
				451B99FE1D001E8E001D07A7 /* Sources */,
				451B99FF1D001E8E001D07A7 /* Frameworks */,
				451B9A001D001E8E001D07A7 /* Resources */,
			);
			buildRules = (
			);
			dependencies = (
			);
			name = CartrawlerUIFramework;
			productName = CartrawlerUIFramework;
			productReference = 451B9A021D001E8E001D07A7 /* CartrawlerUIFramework.app */;
			productType = "com.apple.product-type.application";
		};
		451B9A1A1D001E8E001D07A7 /* CartrawlerUIFrameworkTests */ = {
			isa = PBXNativeTarget;
			buildConfigurationList = 451B9A321D001E8E001D07A7 /* Build configuration list for PBXNativeTarget "CartrawlerUIFrameworkTests" */;
			buildPhases = (
				451B9A171D001E8E001D07A7 /* Sources */,
				451B9A181D001E8E001D07A7 /* Frameworks */,
				451B9A191D001E8E001D07A7 /* Resources */,
			);
			buildRules = (
			);
			dependencies = (
				451B9A1D1D001E8E001D07A7 /* PBXTargetDependency */,
			);
			name = CartrawlerUIFrameworkTests;
			productName = CartrawlerUIFrameworkTests;
			productReference = 451B9A1B1D001E8E001D07A7 /* CartrawlerUIFrameworkTests.xctest */;
			productType = "com.apple.product-type.bundle.unit-test";
		};
		451B9A251D001E8E001D07A7 /* CartrawlerUIFrameworkUITests */ = {
			isa = PBXNativeTarget;
			buildConfigurationList = 451B9A351D001E8E001D07A7 /* Build configuration list for PBXNativeTarget "CartrawlerUIFrameworkUITests" */;
			buildPhases = (
				451B9A221D001E8E001D07A7 /* Sources */,
				451B9A231D001E8E001D07A7 /* Frameworks */,
				451B9A241D001E8E001D07A7 /* Resources */,
			);
			buildRules = (
			);
			dependencies = (
				451B9A281D001E8E001D07A7 /* PBXTargetDependency */,
			);
			name = CartrawlerUIFrameworkUITests;
			productName = CartrawlerUIFrameworkUITests;
			productReference = 451B9A261D001E8E001D07A7 /* CartrawlerUIFrameworkUITests.xctest */;
			productType = "com.apple.product-type.bundle.ui-testing";
		};
/* End PBXNativeTarget section */

/* Begin PBXProject section */
		451B99FA1D001E8E001D07A7 /* Project object */ = {
			isa = PBXProject;
			attributes = {
				LastUpgradeCheck = 0730;
				ORGANIZATIONNAME = Cartrawler;
				TargetAttributes = {
					451B9A011D001E8E001D07A7 = {
						CreatedOnToolsVersion = 7.3.1;
					};
					451B9A1A1D001E8E001D07A7 = {
						CreatedOnToolsVersion = 7.3.1;
						TestTargetID = 451B9A011D001E8E001D07A7;
					};
					451B9A251D001E8E001D07A7 = {
						CreatedOnToolsVersion = 7.3.1;
						TestTargetID = 451B9A011D001E8E001D07A7;
					};
				};
			};
			buildConfigurationList = 451B99FD1D001E8E001D07A7 /* Build configuration list for PBXProject "CartrawlerUIFramework" */;
			compatibilityVersion = "Xcode 3.2";
			developmentRegion = English;
			hasScannedForEncodings = 0;
			knownRegions = (
				en,
				Base,
			);
			mainGroup = 451B99F91D001E8E001D07A7;
			productRefGroup = 451B9A031D001E8E001D07A7 /* Products */;
			projectDirPath = "";
			projectRoot = "";
			targets = (
				451B9A011D001E8E001D07A7 /* CartrawlerUIFramework */,
				451B9A1A1D001E8E001D07A7 /* CartrawlerUIFrameworkTests */,
				451B9A251D001E8E001D07A7 /* CartrawlerUIFrameworkUITests */,
			);
		};
/* End PBXProject section */

/* Begin PBXResourcesBuildPhase section */
		451B9A001D001E8E001D07A7 /* Resources */ = {
			isa = PBXResourcesBuildPhase;
			buildActionMask = 2147483647;
			files = (
				451B9A151D001E8E001D07A7 /* LaunchScreen.storyboard in Resources */,
				451B9A891D019585001D07A7 /* gl-calendar-magnify-glass.png in Resources */,
				451B9A821D0194FA001D07A7 /* GLCalendarDayCell.xib in Resources */,
				451B9A8A1D019585001D07A7 /* gl-calendar-magnify-glass@2x.png in Resources */,
				451B9A8C1D019585001D07A7 /* gl-calendar-shadow@2x.png in Resources */,
				451B9A391D002093001D07A7 /* VehicleTableViewCell_iPhone.xib in Resources */,
				451B9A8B1D019585001D07A7 /* gl-calendar-shadow.png in Resources */,
				451B9A8D1D019585001D07A7 /* gl-calendar-shadow@3x.png in Resources */,
				451B9A711D01934F001D07A7 /* GLCalendarView.xib in Resources */,
				451B9A121D001E8E001D07A7 /* Assets.xcassets in Resources */,
				451B9A101D001E8E001D07A7 /* Main.storyboard in Resources */,
			);
			runOnlyForDeploymentPostprocessing = 0;
		};
		451B9A191D001E8E001D07A7 /* Resources */ = {
			isa = PBXResourcesBuildPhase;
			buildActionMask = 2147483647;
			files = (
			);
			runOnlyForDeploymentPostprocessing = 0;
		};
		451B9A241D001E8E001D07A7 /* Resources */ = {
			isa = PBXResourcesBuildPhase;
			buildActionMask = 2147483647;
			files = (
			);
			runOnlyForDeploymentPostprocessing = 0;
		};
/* End PBXResourcesBuildPhase section */

/* Begin PBXSourcesBuildPhase section */
		451B99FE1D001E8E001D07A7 /* Sources */ = {
			isa = PBXSourcesBuildPhase;
			buildActionMask = 2147483647;
			files = (
				451B9A6D1D01934F001D07A7 /* GLCalendarDateRange.m in Sources */,
				453F38CD1D095557009630FB /* CTCalendarViewController.m in Sources */,
				453F38D31D095634009630FB /* CTCalendarTableViewCell.m in Sources */,
				451B9A471D002E62001D07A7 /* CTVehicleSelectionView.m in Sources */,
				451B9A4A1D002E83001D07A7 /* CTVehicleSelectionViewModel.m in Sources */,
				451B9A981D01D912001D07A7 /* SearchDetailsViewController.m in Sources */,
				451B9A721D01934F001D07A7 /* GLDateUtils.m in Sources */,
				451B9AA11D06DDFB001D07A7 /* CTButton.m in Sources */,
				451B9A3C1D002133001D07A7 /* VehicleTableViewCell.m in Sources */,
				451B9A921D019DCB001D07A7 /* CTSelectView.m in Sources */,
				451B9A441D00285F001D07A7 /* CTImageCache.m in Sources */,
				451B9A4D1D0044E7001D07A7 /* CTPlaceholderView.m in Sources */,
				451B9A5F1D018D36001D07A7 /* NSString+TextDirectionality.m in Sources */,
				451B9AAC1D082D63001D07A7 /* CTLabel.m in Sources */,
				451B9A701D01934F001D07A7 /* GLCalendarView.m in Sources */,
				451B9A0D1D001E8E001D07A7 /* ViewController.m in Sources */,
				451B9A831D0194FA001D07A7 /* GLCalendarDayCellBackgroundCover.m in Sources */,
				453F38DF1D09CD15009630FB /* CTMiddleDateCell.m in Sources */,
				451B9A6F1D01934F001D07A7 /* GLCalendarMonthCoverView.m in Sources */,
				451B9A411D0023F1001D07A7 /* LocaleUtils.m in Sources */,
				451B9A0A1D001E8E001D07A7 /* AppDelegate.m in Sources */,
				451B9AB01D0859AC001D07A7 /* CalendarViewController.m in Sources */,
				451B9AA81D081BAB001D07A7 /* LocationSearchDataSource.m in Sources */,
				451B9A5E1D018D36001D07A7 /* JVFloatLabeledTextField.m in Sources */,
				453F38D91D09AF1D009630FB /* CalendarLogicController.m in Sources */,
				451B9A9D1D06D700001D07A7 /* CTCheckbox.m in Sources */,
				451B9AA41D081621001D07A7 /* LocationSearchViewController.m in Sources */,
				453F38D61D096BE2009630FB /* CTDateCollectionViewCell.m in Sources */,
				451B9A071D001E8E001D07A7 /* main.m in Sources */,
				451B9A811D0194FA001D07A7 /* GLCalendarDayCell.m in Sources */,
			);
			runOnlyForDeploymentPostprocessing = 0;
		};
		451B9A171D001E8E001D07A7 /* Sources */ = {
			isa = PBXSourcesBuildPhase;
			buildActionMask = 2147483647;
			files = (
				451B9A201D001E8E001D07A7 /* CartrawlerUIFrameworkTests.m in Sources */,
			);
			runOnlyForDeploymentPostprocessing = 0;
		};
		451B9A221D001E8E001D07A7 /* Sources */ = {
			isa = PBXSourcesBuildPhase;
			buildActionMask = 2147483647;
			files = (
				451B9A2B1D001E8E001D07A7 /* CartrawlerUIFrameworkUITests.m in Sources */,
			);
			runOnlyForDeploymentPostprocessing = 0;
		};
/* End PBXSourcesBuildPhase section */

/* Begin PBXTargetDependency section */
		451B9A1D1D001E8E001D07A7 /* PBXTargetDependency */ = {
			isa = PBXTargetDependency;
			target = 451B9A011D001E8E001D07A7 /* CartrawlerUIFramework */;
			targetProxy = 451B9A1C1D001E8E001D07A7 /* PBXContainerItemProxy */;
		};
		451B9A281D001E8E001D07A7 /* PBXTargetDependency */ = {
			isa = PBXTargetDependency;
			target = 451B9A011D001E8E001D07A7 /* CartrawlerUIFramework */;
			targetProxy = 451B9A271D001E8E001D07A7 /* PBXContainerItemProxy */;
		};
/* End PBXTargetDependency section */

/* Begin PBXVariantGroup section */
		451B9A0E1D001E8E001D07A7 /* Main.storyboard */ = {
			isa = PBXVariantGroup;
			children = (
				451B9A0F1D001E8E001D07A7 /* Base */,
			);
			name = Main.storyboard;
			sourceTree = "<group>";
		};
		451B9A131D001E8E001D07A7 /* LaunchScreen.storyboard */ = {
			isa = PBXVariantGroup;
			children = (
				451B9A141D001E8E001D07A7 /* Base */,
			);
			name = LaunchScreen.storyboard;
			sourceTree = "<group>";
		};
/* End PBXVariantGroup section */

/* Begin XCBuildConfiguration section */
		451B9A2D1D001E8E001D07A7 /* Debug */ = {
			isa = XCBuildConfiguration;
			buildSettings = {
				ALWAYS_SEARCH_USER_PATHS = NO;
				CLANG_ANALYZER_NONNULL = YES;
				CLANG_CXX_LANGUAGE_STANDARD = "gnu++0x";
				CLANG_CXX_LIBRARY = "libc++";
				CLANG_ENABLE_MODULES = YES;
				CLANG_ENABLE_OBJC_ARC = YES;
				CLANG_WARN_BOOL_CONVERSION = YES;
				CLANG_WARN_CONSTANT_CONVERSION = YES;
				CLANG_WARN_DIRECT_OBJC_ISA_USAGE = YES_ERROR;
				CLANG_WARN_EMPTY_BODY = YES;
				CLANG_WARN_ENUM_CONVERSION = YES;
				CLANG_WARN_INT_CONVERSION = YES;
				CLANG_WARN_OBJC_ROOT_CLASS = YES_ERROR;
				CLANG_WARN_UNREACHABLE_CODE = YES;
				CLANG_WARN__DUPLICATE_METHOD_MATCH = YES;
				"CODE_SIGN_IDENTITY[sdk=iphoneos*]" = "iPhone Developer";
				COPY_PHASE_STRIP = NO;
				DEBUG_INFORMATION_FORMAT = dwarf;
				ENABLE_STRICT_OBJC_MSGSEND = YES;
				ENABLE_TESTABILITY = YES;
				GCC_C_LANGUAGE_STANDARD = gnu99;
				GCC_DYNAMIC_NO_PIC = NO;
				GCC_NO_COMMON_BLOCKS = YES;
				GCC_OPTIMIZATION_LEVEL = 0;
				GCC_PREPROCESSOR_DEFINITIONS = (
					"DEBUG=1",
					"$(inherited)",
				);
				GCC_WARN_64_TO_32_BIT_CONVERSION = YES;
				GCC_WARN_ABOUT_RETURN_TYPE = YES_ERROR;
				GCC_WARN_UNDECLARED_SELECTOR = YES;
				GCC_WARN_UNINITIALIZED_AUTOS = YES_AGGRESSIVE;
				GCC_WARN_UNUSED_FUNCTION = YES;
				GCC_WARN_UNUSED_VARIABLE = YES;
				IPHONEOS_DEPLOYMENT_TARGET = 9.3;
				MTL_ENABLE_DEBUG_INFO = YES;
				ONLY_ACTIVE_ARCH = YES;
				SDKROOT = iphoneos;
				TARGETED_DEVICE_FAMILY = "1,2";
			};
			name = Debug;
		};
		451B9A2E1D001E8E001D07A7 /* Release */ = {
			isa = XCBuildConfiguration;
			buildSettings = {
				ALWAYS_SEARCH_USER_PATHS = NO;
				CLANG_ANALYZER_NONNULL = YES;
				CLANG_CXX_LANGUAGE_STANDARD = "gnu++0x";
				CLANG_CXX_LIBRARY = "libc++";
				CLANG_ENABLE_MODULES = YES;
				CLANG_ENABLE_OBJC_ARC = YES;
				CLANG_WARN_BOOL_CONVERSION = YES;
				CLANG_WARN_CONSTANT_CONVERSION = YES;
				CLANG_WARN_DIRECT_OBJC_ISA_USAGE = YES_ERROR;
				CLANG_WARN_EMPTY_BODY = YES;
				CLANG_WARN_ENUM_CONVERSION = YES;
				CLANG_WARN_INT_CONVERSION = YES;
				CLANG_WARN_OBJC_ROOT_CLASS = YES_ERROR;
				CLANG_WARN_UNREACHABLE_CODE = YES;
				CLANG_WARN__DUPLICATE_METHOD_MATCH = YES;
				"CODE_SIGN_IDENTITY[sdk=iphoneos*]" = "iPhone Developer";
				COPY_PHASE_STRIP = NO;
				DEBUG_INFORMATION_FORMAT = "dwarf-with-dsym";
				ENABLE_NS_ASSERTIONS = NO;
				ENABLE_STRICT_OBJC_MSGSEND = YES;
				GCC_C_LANGUAGE_STANDARD = gnu99;
				GCC_NO_COMMON_BLOCKS = YES;
				GCC_WARN_64_TO_32_BIT_CONVERSION = YES;
				GCC_WARN_ABOUT_RETURN_TYPE = YES_ERROR;
				GCC_WARN_UNDECLARED_SELECTOR = YES;
				GCC_WARN_UNINITIALIZED_AUTOS = YES_AGGRESSIVE;
				GCC_WARN_UNUSED_FUNCTION = YES;
				GCC_WARN_UNUSED_VARIABLE = YES;
				IPHONEOS_DEPLOYMENT_TARGET = 9.3;
				MTL_ENABLE_DEBUG_INFO = NO;
				SDKROOT = iphoneos;
				TARGETED_DEVICE_FAMILY = "1,2";
				VALIDATE_PRODUCT = YES;
			};
			name = Release;
		};
		451B9A301D001E8E001D07A7 /* Debug */ = {
			isa = XCBuildConfiguration;
			buildSettings = {
				ASSETCATALOG_COMPILER_APPICON_NAME = AppIcon;
				FRAMEWORK_SEARCH_PATHS = (
					"$(inherited)",
					"$(PROJECT_DIR)/CartrawlerUIFramework",
				);
				INFOPLIST_FILE = CartrawlerUIFramework/Info.plist;
				IPHONEOS_DEPLOYMENT_TARGET = 7.0;
				LD_RUNPATH_SEARCH_PATHS = "$(inherited) @executable_path/Frameworks";
				PRODUCT_BUNDLE_IDENTIFIER = com.cartrawler.CartrawlerUIFramework;
				PRODUCT_NAME = "$(TARGET_NAME)";
			};
			name = Debug;
		};
		451B9A311D001E8E001D07A7 /* Release */ = {
			isa = XCBuildConfiguration;
			buildSettings = {
				ASSETCATALOG_COMPILER_APPICON_NAME = AppIcon;
				FRAMEWORK_SEARCH_PATHS = (
					"$(inherited)",
					"$(PROJECT_DIR)/CartrawlerUIFramework",
				);
				INFOPLIST_FILE = CartrawlerUIFramework/Info.plist;
				IPHONEOS_DEPLOYMENT_TARGET = 7.0;
				LD_RUNPATH_SEARCH_PATHS = "$(inherited) @executable_path/Frameworks";
				PRODUCT_BUNDLE_IDENTIFIER = com.cartrawler.CartrawlerUIFramework;
				PRODUCT_NAME = "$(TARGET_NAME)";
			};
			name = Release;
		};
		451B9A331D001E8E001D07A7 /* Debug */ = {
			isa = XCBuildConfiguration;
			buildSettings = {
				BUNDLE_LOADER = "$(TEST_HOST)";
				INFOPLIST_FILE = CartrawlerUIFrameworkTests/Info.plist;
				LD_RUNPATH_SEARCH_PATHS = "$(inherited) @executable_path/Frameworks @loader_path/Frameworks";
				PRODUCT_BUNDLE_IDENTIFIER = com.cartrawler.CartrawlerUIFrameworkTests;
				PRODUCT_NAME = "$(TARGET_NAME)";
				TEST_HOST = "$(BUILT_PRODUCTS_DIR)/CartrawlerUIFramework.app/CartrawlerUIFramework";
			};
			name = Debug;
		};
		451B9A341D001E8E001D07A7 /* Release */ = {
			isa = XCBuildConfiguration;
			buildSettings = {
				BUNDLE_LOADER = "$(TEST_HOST)";
				INFOPLIST_FILE = CartrawlerUIFrameworkTests/Info.plist;
				LD_RUNPATH_SEARCH_PATHS = "$(inherited) @executable_path/Frameworks @loader_path/Frameworks";
				PRODUCT_BUNDLE_IDENTIFIER = com.cartrawler.CartrawlerUIFrameworkTests;
				PRODUCT_NAME = "$(TARGET_NAME)";
				TEST_HOST = "$(BUILT_PRODUCTS_DIR)/CartrawlerUIFramework.app/CartrawlerUIFramework";
			};
			name = Release;
		};
		451B9A361D001E8E001D07A7 /* Debug */ = {
			isa = XCBuildConfiguration;
			buildSettings = {
				INFOPLIST_FILE = CartrawlerUIFrameworkUITests/Info.plist;
				LD_RUNPATH_SEARCH_PATHS = "$(inherited) @executable_path/Frameworks @loader_path/Frameworks";
				PRODUCT_BUNDLE_IDENTIFIER = com.cartrawler.CartrawlerUIFrameworkUITests;
				PRODUCT_NAME = "$(TARGET_NAME)";
				TEST_TARGET_NAME = CartrawlerUIFramework;
			};
			name = Debug;
		};
		451B9A371D001E8E001D07A7 /* Release */ = {
			isa = XCBuildConfiguration;
			buildSettings = {
				INFOPLIST_FILE = CartrawlerUIFrameworkUITests/Info.plist;
				LD_RUNPATH_SEARCH_PATHS = "$(inherited) @executable_path/Frameworks @loader_path/Frameworks";
				PRODUCT_BUNDLE_IDENTIFIER = com.cartrawler.CartrawlerUIFrameworkUITests;
				PRODUCT_NAME = "$(TARGET_NAME)";
				TEST_TARGET_NAME = CartrawlerUIFramework;
			};
			name = Release;
		};
/* End XCBuildConfiguration section */

/* Begin XCConfigurationList section */
		451B99FD1D001E8E001D07A7 /* Build configuration list for PBXProject "CartrawlerUIFramework" */ = {
			isa = XCConfigurationList;
			buildConfigurations = (
				451B9A2D1D001E8E001D07A7 /* Debug */,
				451B9A2E1D001E8E001D07A7 /* Release */,
			);
			defaultConfigurationIsVisible = 0;
			defaultConfigurationName = Release;
		};
		451B9A2F1D001E8E001D07A7 /* Build configuration list for PBXNativeTarget "CartrawlerUIFramework" */ = {
			isa = XCConfigurationList;
			buildConfigurations = (
				451B9A301D001E8E001D07A7 /* Debug */,
				451B9A311D001E8E001D07A7 /* Release */,
			);
			defaultConfigurationIsVisible = 0;
			defaultConfigurationName = Release;
		};
		451B9A321D001E8E001D07A7 /* Build configuration list for PBXNativeTarget "CartrawlerUIFrameworkTests" */ = {
			isa = XCConfigurationList;
			buildConfigurations = (
				451B9A331D001E8E001D07A7 /* Debug */,
				451B9A341D001E8E001D07A7 /* Release */,
			);
			defaultConfigurationIsVisible = 0;
			defaultConfigurationName = Release;
		};
		451B9A351D001E8E001D07A7 /* Build configuration list for PBXNativeTarget "CartrawlerUIFrameworkUITests" */ = {
			isa = XCConfigurationList;
			buildConfigurations = (
				451B9A361D001E8E001D07A7 /* Debug */,
				451B9A371D001E8E001D07A7 /* Release */,
			);
			defaultConfigurationIsVisible = 0;
			defaultConfigurationName = Release;
		};
/* End XCConfigurationList section */
	};
	rootObject = 451B99FA1D001E8E001D07A7 /* Project object */;
}
